// !$*UTF8*$!
{
	archiveVersion = 1;
	classes = {
	};
	objectVersion = 56;
	objects = {

/* Begin PBXBuildFile section */
		38A04FFD2DACE95500888E7F /* SwiftUI_ObservableObjectApp.swift in Sources */ = {isa = PBXBuildFile; fileRef = 38A04FFC2DACE95500888E7F /* SwiftUI_ObservableObjectApp.swift */; };
		38A04FFF2DACE95500888E7F /* ContentView.swift in Sources */ = {isa = PBXBuildFile; fileRef = 38A04FFE2DACE95500888E7F /* ContentView.swift */; };
		38A050012DACE95600888E7F /* Assets.xcassets in Resources */ = {isa = PBXBuildFile; fileRef = 38A050002DACE95600888E7F /* Assets.xcassets */; };
		38A050042DACE95600888E7F /* Preview Assets.xcassets in Resources */ = {isa = PBXBuildFile; fileRef = 38A050032DACE95600888E7F /* Preview Assets.xcassets */; };
		38A0500E2DACE95600888E7F /* SwiftUI_ObservableObjectTests.swift in Sources */ = {isa = PBXBuildFile; fileRef = 38A0500D2DACE95600888E7F /* SwiftUI_ObservableObjectTests.swift */; };
		38A050182DACE95600888E7F /* SwiftUI_ObservableObjectUITests.swift in Sources */ = {isa = PBXBuildFile; fileRef = 38A050172DACE95600888E7F /* SwiftUI_ObservableObjectUITests.swift */; };
		38A0501A2DACE95600888E7F /* SwiftUI_ObservableObjectUITestsLaunchTests.swift in Sources */ = {isa = PBXBuildFile; fileRef = 38A050192DACE95600888E7F /* SwiftUI_ObservableObjectUITestsLaunchTests.swift */; };
		38A050272DACF14C00888E7F /* User.swift in Sources */ = {isa = PBXBuildFile; fileRef = 38A050262DACF14C00888E7F /* User.swift */; };
/* End PBXBuildFile section */

/* Begin PBXContainerItemProxy section */
		38A0500A2DACE95600888E7F /* PBXContainerItemProxy */ = {
			isa = PBXContainerItemProxy;
			containerPortal = 38A04FF12DACE95500888E7F /* Project object */;
			proxyType = 1;
			remoteGlobalIDString = 38A04FF82DACE95500888E7F;
			remoteInfo = SwiftUI_ObservableObject;
		};
		38A050142DACE95600888E7F /* PBXContainerItemProxy */ = {
			isa = PBXContainerItemProxy;
			containerPortal = 38A04FF12DACE95500888E7F /* Project object */;
			proxyType = 1;
			remoteGlobalIDString = 38A04FF82DACE95500888E7F;
			remoteInfo = SwiftUI_ObservableObject;
		};
/* End PBXContainerItemProxy section */

/* Begin PBXFileReference section */
		38A04FF92DACE95500888E7F /* SwiftUI_ObservableObject.app */ = {isa = PBXFileReference; explicitFileType = wrapper.application; includeInIndex = 0; path = SwiftUI_ObservableObject.app; sourceTree = BUILT_PRODUCTS_DIR; };
		38A04FFC2DACE95500888E7F /* SwiftUI_ObservableObjectApp.swift */ = {isa = PBXFileReference; lastKnownFileType = sourcecode.swift; path = SwiftUI_ObservableObjectApp.swift; sourceTree = "<group>"; };
		38A04FFE2DACE95500888E7F /* ContentView.swift */ = {isa = PBXFileReference; lastKnownFileType = sourcecode.swift; path = ContentView.swift; sourceTree = "<group>"; };
		38A050002DACE95600888E7F /* Assets.xcassets */ = {isa = PBXFileReference; lastKnownFileType = folder.assetcatalog; path = Assets.xcassets; sourceTree = "<group>"; };
		38A050032DACE95600888E7F /* Preview Assets.xcassets */ = {isa = PBXFileReference; lastKnownFileType = folder.assetcatalog; path = "Preview Assets.xcassets"; sourceTree = "<group>"; };
		38A050092DACE95600888E7F /* SwiftUI_ObservableObjectTests.xctest */ = {isa = PBXFileReference; explicitFileType = wrapper.cfbundle; includeInIndex = 0; path = SwiftUI_ObservableObjectTests.xctest; sourceTree = BUILT_PRODUCTS_DIR; };
		38A0500D2DACE95600888E7F /* SwiftUI_ObservableObjectTests.swift */ = {isa = PBXFileReference; lastKnownFileType = sourcecode.swift; path = SwiftUI_ObservableObjectTests.swift; sourceTree = "<group>"; };
		38A050132DACE95600888E7F /* SwiftUI_ObservableObjectUITests.xctest */ = {isa = PBXFileReference; explicitFileType = wrapper.cfbundle; includeInIndex = 0; path = SwiftUI_ObservableObjectUITests.xctest; sourceTree = BUILT_PRODUCTS_DIR; };
		38A050172DACE95600888E7F /* SwiftUI_ObservableObjectUITests.swift */ = {isa = PBXFileReference; lastKnownFileType = sourcecode.swift; path = SwiftUI_ObservableObjectUITests.swift; sourceTree = "<group>"; };
		38A050192DACE95600888E7F /* SwiftUI_ObservableObjectUITestsLaunchTests.swift */ = {isa = PBXFileReference; lastKnownFileType = sourcecode.swift; path = SwiftUI_ObservableObjectUITestsLaunchTests.swift; sourceTree = "<group>"; };
		38A050262DACF14C00888E7F /* User.swift */ = {isa = PBXFileReference; lastKnownFileType = sourcecode.swift; path = User.swift; sourceTree = "<group>"; };
/* End PBXFileReference section */

/* Begin PBXFrameworksBuildPhase section */
		38A04FF62DACE95500888E7F /* Frameworks */ = {
			isa = PBXFrameworksBuildPhase;
			buildActionMask = 2147483647;
			files = (
			);
			runOnlyForDeploymentPostprocessing = 0;
		};
		38A050062DACE95600888E7F /* Frameworks */ = {
			isa = PBXFrameworksBuildPhase;
			buildActionMask = 2147483647;
			files = (
			);
			runOnlyForDeploymentPostprocessing = 0;
		};
		38A050102DACE95600888E7F /* Frameworks */ = {
			isa = PBXFrameworksBuildPhase;
			buildActionMask = 2147483647;
			files = (
			);
			runOnlyForDeploymentPostprocessing = 0;
		};
/* End PBXFrameworksBuildPhase section */

/* Begin PBXGroup section */
		38A04FF02DACE95500888E7F = {
			isa = PBXGroup;
			children = (
				38A04FFB2DACE95500888E7F /* SwiftUI_ObservableObject */,
				38A0500C2DACE95600888E7F /* SwiftUI_ObservableObjectTests */,
				38A050162DACE95600888E7F /* SwiftUI_ObservableObjectUITests */,
				38A04FFA2DACE95500888E7F /* Products */,
			);
			sourceTree = "<group>";
		};
		38A04FFA2DACE95500888E7F /* Products */ = {
			isa = PBXGroup;
			children = (
				38A04FF92DACE95500888E7F /* SwiftUI_ObservableObject.app */,
				38A050092DACE95600888E7F /* SwiftUI_ObservableObjectTests.xctest */,
				38A050132DACE95600888E7F /* SwiftUI_ObservableObjectUITests.xctest */,
			);
			name = Products;
			sourceTree = "<group>";
		};
		38A04FFB2DACE95500888E7F /* SwiftUI_ObservableObject */ = {
			isa = PBXGroup;
			children = (
				38A04FFC2DACE95500888E7F /* SwiftUI_ObservableObjectApp.swift */,
				38A04FFE2DACE95500888E7F /* ContentView.swift */,
				38A050002DACE95600888E7F /* Assets.xcassets */,
				38A050022DACE95600888E7F /* Preview Content */,
				38A050262DACF14C00888E7F /* User.swift */,
			);
			path = SwiftUI_ObservableObject;
			sourceTree = "<group>";
		};
		38A050022DACE95600888E7F /* Preview Content */ = {
			isa = PBXGroup;
			children = (
				38A050032DACE95600888E7F /* Preview Assets.xcassets */,
			);
			path = "Preview Content";
			sourceTree = "<group>";
		};
		38A0500C2DACE95600888E7F /* SwiftUI_ObservableObjectTests */ = {
			isa = PBXGroup;
			children = (
				38A0500D2DACE95600888E7F /* SwiftUI_ObservableObjectTests.swift */,
			);
			path = SwiftUI_ObservableObjectTests;
			sourceTree = "<group>";
		};
		38A050162DACE95600888E7F /* SwiftUI_ObservableObjectUITests */ = {
			isa = PBXGroup;
			children = (
				38A050172DACE95600888E7F /* SwiftUI_ObservableObjectUITests.swift */,
				38A050192DACE95600888E7F /* SwiftUI_ObservableObjectUITestsLaunchTests.swift */,
			);
			path = SwiftUI_ObservableObjectUITests;
			sourceTree = "<group>";
		};
/* End PBXGroup section */

/* Begin PBXNativeTarget section */
		38A04FF82DACE95500888E7F /* SwiftUI_ObservableObject */ = {
			isa = PBXNativeTarget;
			buildConfigurationList = 38A0501D2DACE95600888E7F /* Build configuration list for PBXNativeTarget "SwiftUI_ObservableObject" */;
			buildPhases = (
				38A04FF52DACE95500888E7F /* Sources */,
				38A04FF62DACE95500888E7F /* Frameworks */,
				38A04FF72DACE95500888E7F /* Resources */,
			);
			buildRules = (
			);
			dependencies = (
			);
			name = SwiftUI_ObservableObject;
			productName = SwiftUI_ObservableObject;
			productReference = 38A04FF92DACE95500888E7F /* SwiftUI_ObservableObject.app */;
			productType = "com.apple.product-type.application";
		};
		38A050082DACE95600888E7F /* SwiftUI_ObservableObjectTests */ = {
			isa = PBXNativeTarget;
			buildConfigurationList = 38A050202DACE95600888E7F /* Build configuration list for PBXNativeTarget "SwiftUI_ObservableObjectTests" */;
			buildPhases = (
				38A050052DACE95600888E7F /* Sources */,
				38A050062DACE95600888E7F /* Frameworks */,
				38A050072DACE95600888E7F /* Resources */,
			);
			buildRules = (
			);
			dependencies = (
				38A0500B2DACE95600888E7F /* PBXTargetDependency */,
			);
			name = SwiftUI_ObservableObjectTests;
			productName = SwiftUI_ObservableObjectTests;
			productReference = 38A050092DACE95600888E7F /* SwiftUI_ObservableObjectTests.xctest */;
			productType = "com.apple.product-type.bundle.unit-test";
		};
		38A050122DACE95600888E7F /* SwiftUI_ObservableObjectUITests */ = {
			isa = PBXNativeTarget;
			buildConfigurationList = 38A050232DACE95600888E7F /* Build configuration list for PBXNativeTarget "SwiftUI_ObservableObjectUITests" */;
			buildPhases = (
				38A0500F2DACE95600888E7F /* Sources */,
				38A050102DACE95600888E7F /* Frameworks */,
				38A050112DACE95600888E7F /* Resources */,
			);
			buildRules = (
			);
			dependencies = (
				38A050152DACE95600888E7F /* PBXTargetDependency */,
			);
			name = SwiftUI_ObservableObjectUITests;
			productName = SwiftUI_ObservableObjectUITests;
			productReference = 38A050132DACE95600888E7F /* SwiftUI_ObservableObjectUITests.xctest */;
			productType = "com.apple.product-type.bundle.ui-testing";
		};
/* End PBXNativeTarget section */

/* Begin PBXProject section */
		38A04FF12DACE95500888E7F /* Project object */ = {
			isa = PBXProject;
			attributes = {
				BuildIndependentTargetsInParallel = 1;
				LastSwiftUpdateCheck = 1540;
				LastUpgradeCheck = 1540;
				TargetAttributes = {
					38A04FF82DACE95500888E7F = {
						CreatedOnToolsVersion = 15.4;
					};
					38A050082DACE95600888E7F = {
						CreatedOnToolsVersion = 15.4;
						TestTargetID = 38A04FF82DACE95500888E7F;
					};
					38A050122DACE95600888E7F = {
						CreatedOnToolsVersion = 15.4;
						TestTargetID = 38A04FF82DACE95500888E7F;
					};
				};
			};
			buildConfigurationList = 38A04FF42DACE95500888E7F /* Build configuration list for PBXProject "SwiftUI_ObservableObject" */;
			compatibilityVersion = "Xcode 14.0";
			developmentRegion = en;
			hasScannedForEncodings = 0;
			knownRegions = (
				en,
				Base,
			);
			mainGroup = 38A04FF02DACE95500888E7F;
			productRefGroup = 38A04FFA2DACE95500888E7F /* Products */;
			projectDirPath = "";
			projectRoot = "";
			targets = (
				38A04FF82DACE95500888E7F /* SwiftUI_ObservableObject */,
				38A050082DACE95600888E7F /* SwiftUI_ObservableObjectTests */,
				38A050122DACE95600888E7F /* SwiftUI_ObservableObjectUITests */,
			);
		};
/* End PBXProject section */

/* Begin PBXResourcesBuildPhase section */
		38A04FF72DACE95500888E7F /* Resources */ = {
			isa = PBXResourcesBuildPhase;
			buildActionMask = 2147483647;
			files = (
				38A050042DACE95600888E7F /* Preview Assets.xcassets in Resources */,
				38A050012DACE95600888E7F /* Assets.xcassets in Resources */,
			);
			runOnlyForDeploymentPostprocessing = 0;
		};
		38A050072DACE95600888E7F /* Resources */ = {
			isa = PBXResourcesBuildPhase;
			buildActionMask = 2147483647;
			files = (
			);
			runOnlyForDeploymentPostprocessing = 0;
		};
		38A050112DACE95600888E7F /* Resources */ = {
			isa = PBXResourcesBuildPhase;
			buildActionMask = 2147483647;
			files = (
			);
			runOnlyForDeploymentPostprocessing = 0;
		};
/* End PBXResourcesBuildPhase section */

/* Begin PBXSourcesBuildPhase section */
		38A04FF52DACE95500888E7F /* Sources */ = {
			isa = PBXSourcesBuildPhase;
			buildActionMask = 2147483647;
			files = (
				38A04FFF2DACE95500888E7F /* ContentView.swift in Sources */,
				38A04FFD2DACE95500888E7F /* SwiftUI_ObservableObjectApp.swift in Sources */,
				38A050272DACF14C00888E7F /* User.swift in Sources */,
			);
			runOnlyForDeploymentPostprocessing = 0;
		};
		38A050052DACE95600888E7F /* Sources */ = {
			isa = PBXSourcesBuildPhase;
			buildActionMask = 2147483647;
			files = (
				38A0500E2DACE95600888E7F /* SwiftUI_ObservableObjectTests.swift in Sources */,
			);
			runOnlyForDeploymentPostprocessing = 0;
		};
		38A0500F2DACE95600888E7F /* Sources */ = {
			isa = PBXSourcesBuildPhase;
			buildActionMask = 2147483647;
			files = (
				38A0501A2DACE95600888E7F /* SwiftUI_ObservableObjectUITestsLaunchTests.swift in Sources */,
				38A050182DACE95600888E7F /* SwiftUI_ObservableObjectUITests.swift in Sources */,
			);
			runOnlyForDeploymentPostprocessing = 0;
		};
/* End PBXSourcesBuildPhase section */

/* Begin PBXTargetDependency section */
		38A0500B2DACE95600888E7F /* PBXTargetDependency */ = {
			isa = PBXTargetDependency;
			target = 38A04FF82DACE95500888E7F /* SwiftUI_ObservableObject */;
			targetProxy = 38A0500A2DACE95600888E7F /* PBXContainerItemProxy */;
		};
		38A050152DACE95600888E7F /* PBXTargetDependency */ = {
			isa = PBXTargetDependency;
			target = 38A04FF82DACE95500888E7F /* SwiftUI_ObservableObject */;
			targetProxy = 38A050142DACE95600888E7F /* PBXContainerItemProxy */;
		};
/* End PBXTargetDependency section */

/* Begin XCBuildConfiguration section */
		38A0501B2DACE95600888E7F /* Debug */ = {
			isa = XCBuildConfiguration;
			buildSettings = {
				ALWAYS_SEARCH_USER_PATHS = NO;
				ASSETCATALOG_COMPILER_GENERATE_SWIFT_ASSET_SYMBOL_EXTENSIONS = YES;
				CLANG_ANALYZER_NONNULL = YES;
				CLANG_ANALYZER_NUMBER_OBJECT_CONVERSION = YES_AGGRESSIVE;
				CLANG_CXX_LANGUAGE_STANDARD = "gnu++20";
				CLANG_ENABLE_MODULES = YES;
				CLANG_ENABLE_OBJC_ARC = YES;
				CLANG_ENABLE_OBJC_WEAK = YES;
				CLANG_WARN_BLOCK_CAPTURE_AUTORELEASING = YES;
				CLANG_WARN_BOOL_CONVERSION = YES;
				CLANG_WARN_COMMA = YES;
				CLANG_WARN_CONSTANT_CONVERSION = YES;
				CLANG_WARN_DEPRECATED_OBJC_IMPLEMENTATIONS = YES;
				CLANG_WARN_DIRECT_OBJC_ISA_USAGE = YES_ERROR;
				CLANG_WARN_DOCUMENTATION_COMMENTS = YES;
				CLANG_WARN_EMPTY_BODY = YES;
				CLANG_WARN_ENUM_CONVERSION = YES;
				CLANG_WARN_INFINITE_RECURSION = YES;
				CLANG_WARN_INT_CONVERSION = YES;
				CLANG_WARN_NON_LITERAL_NULL_CONVERSION = YES;
				CLANG_WARN_OBJC_IMPLICIT_RETAIN_SELF = YES;
				CLANG_WARN_OBJC_LITERAL_CONVERSION = YES;
				CLANG_WARN_OBJC_ROOT_CLASS = YES_ERROR;
				CLANG_WARN_QUOTED_INCLUDE_IN_FRAMEWORK_HEADER = YES;
				CLANG_WARN_RANGE_LOOP_ANALYSIS = YES;
				CLANG_WARN_STRICT_PROTOTYPES = YES;
				CLANG_WARN_SUSPICIOUS_MOVE = YES;
				CLANG_WARN_UNGUARDED_AVAILABILITY = YES_AGGRESSIVE;
				CLANG_WARN_UNREACHABLE_CODE = YES;
				CLANG_WARN__DUPLICATE_METHOD_MATCH = YES;
				COPY_PHASE_STRIP = NO;
				DEBUG_INFORMATION_FORMAT = dwarf;
				ENABLE_STRICT_OBJC_MSGSEND = YES;
				ENABLE_TESTABILITY = YES;
				ENABLE_USER_SCRIPT_SANDBOXING = YES;
				GCC_C_LANGUAGE_STANDARD = gnu17;
				GCC_DYNAMIC_NO_PIC = NO;
				GCC_NO_COMMON_BLOCKS = YES;
				GCC_OPTIMIZATION_LEVEL = 0;
				GCC_PREPROCESSOR_DEFINITIONS = (
					"DEBUG=1",
					"$(inherited)",
				);
				GCC_WARN_64_TO_32_BIT_CONVERSION = YES;
				GCC_WARN_ABOUT_RETURN_TYPE = YES_ERROR;
				GCC_WARN_UNDECLARED_SELECTOR = YES;
				GCC_WARN_UNINITIALIZED_AUTOS = YES_AGGRESSIVE;
				GCC_WARN_UNUSED_FUNCTION = YES;
				GCC_WARN_UNUSED_VARIABLE = YES;
				IPHONEOS_DEPLOYMENT_TARGET = 17.5;
				LOCALIZATION_PREFERS_STRING_CATALOGS = YES;
				MTL_ENABLE_DEBUG_INFO = INCLUDE_SOURCE;
				MTL_FAST_MATH = YES;
				ONLY_ACTIVE_ARCH = YES;
				SDKROOT = iphoneos;
				SWIFT_ACTIVE_COMPILATION_CONDITIONS = "DEBUG $(inherited)";
				SWIFT_OPTIMIZATION_LEVEL = "-Onone";
			};
			name = Debug;
		};
		38A0501C2DACE95600888E7F /* Release */ = {
			isa = XCBuildConfiguration;
			buildSettings = {
				ALWAYS_SEARCH_USER_PATHS = NO;
				ASSETCATALOG_COMPILER_GENERATE_SWIFT_ASSET_SYMBOL_EXTENSIONS = YES;
				CLANG_ANALYZER_NONNULL = YES;
				CLANG_ANALYZER_NUMBER_OBJECT_CONVERSION = YES_AGGRESSIVE;
				CLANG_CXX_LANGUAGE_STANDARD = "gnu++20";
				CLANG_ENABLE_MODULES = YES;
				CLANG_ENABLE_OBJC_ARC = YES;
				CLANG_ENABLE_OBJC_WEAK = YES;
				CLANG_WARN_BLOCK_CAPTURE_AUTORELEASING = YES;
				CLANG_WARN_BOOL_CONVERSION = YES;
				CLANG_WARN_COMMA = YES;
				CLANG_WARN_CONSTANT_CONVERSION = YES;
				CLANG_WARN_DEPRECATED_OBJC_IMPLEMENTATIONS = YES;
				CLANG_WARN_DIRECT_OBJC_ISA_USAGE = YES_ERROR;
				CLANG_WARN_DOCUMENTATION_COMMENTS = YES;
				CLANG_WARN_EMPTY_BODY = YES;
				CLANG_WARN_ENUM_CONVERSION = YES;
				CLANG_WARN_INFINITE_RECURSION = YES;
				CLANG_WARN_INT_CONVERSION = YES;
				CLANG_WARN_NON_LITERAL_NULL_CONVERSION = YES;
				CLANG_WARN_OBJC_IMPLICIT_RETAIN_SELF = YES;
				CLANG_WARN_OBJC_LITERAL_CONVERSION = YES;
				CLANG_WARN_OBJC_ROOT_CLASS = YES_ERROR;
				CLANG_WARN_QUOTED_INCLUDE_IN_FRAMEWORK_HEADER = YES;
				CLANG_WARN_RANGE_LOOP_ANALYSIS = YES;
				CLANG_WARN_STRICT_PROTOTYPES = YES;
				CLANG_WARN_SUSPICIOUS_MOVE = YES;
				CLANG_WARN_UNGUARDED_AVAILABILITY = YES_AGGRESSIVE;
				CLANG_WARN_UNREACHABLE_CODE = YES;
				CLANG_WARN__DUPLICATE_METHOD_MATCH = YES;
				COPY_PHASE_STRIP = NO;
				DEBUG_INFORMATION_FORMAT = "dwarf-with-dsym";
				ENABLE_NS_ASSERTIONS = NO;
				ENABLE_STRICT_OBJC_MSGSEND = YES;
				ENABLE_USER_SCRIPT_SANDBOXING = YES;
				GCC_C_LANGUAGE_STANDARD = gnu17;
				GCC_NO_COMMON_BLOCKS = YES;
				GCC_WARN_64_TO_32_BIT_CONVERSION = YES;
				GCC_WARN_ABOUT_RETURN_TYPE = YES_ERROR;
				GCC_WARN_UNDECLARED_SELECTOR = YES;
				GCC_WARN_UNINITIALIZED_AUTOS = YES_AGGRESSIVE;
				GCC_WARN_UNUSED_FUNCTION = YES;
				GCC_WARN_UNUSED_VARIABLE = YES;
				IPHONEOS_DEPLOYMENT_TARGET = 17.5;
				LOCALIZATION_PREFERS_STRING_CATALOGS = YES;
				MTL_ENABLE_DEBUG_INFO = NO;
				MTL_FAST_MATH = YES;
				SDKROOT = iphoneos;
				SWIFT_COMPILATION_MODE = wholemodule;
				VALIDATE_PRODUCT = YES;
			};
			name = Release;
		};
		38A0501E2DACE95600888E7F /* Debug */ = {
			isa = XCBuildConfiguration;
			buildSettings = {
				ASSETCATALOG_COMPILER_APPICON_NAME = AppIcon;
				ASSETCATALOG_COMPILER_GLOBAL_ACCENT_COLOR_NAME = AccentColor;
				CODE_SIGN_STYLE = Automatic;
				CURRENT_PROJECT_VERSION = 1;
				DEVELOPMENT_ASSET_PATHS = "\"SwiftUI_ObservableObject/Preview Content\"";
				ENABLE_PREVIEWS = YES;
				GENERATE_INFOPLIST_FILE = YES;
				INFOPLIST_KEY_UIApplicationSceneManifest_Generation = YES;
				INFOPLIST_KEY_UIApplicationSupportsIndirectInputEvents = YES;
				INFOPLIST_KEY_UILaunchScreen_Generation = YES;
				INFOPLIST_KEY_UISupportedInterfaceOrientations_iPad = "UIInterfaceOrientationPortrait UIInterfaceOrientationPortraitUpsideDown UIInterfaceOrientationLandscapeLeft UIInterfaceOrientationLandscapeRight";
				INFOPLIST_KEY_UISupportedInterfaceOrientations_iPhone = "UIInterfaceOrientationPortrait UIInterfaceOrientationLandscapeLeft UIInterfaceOrientationLandscapeRight";
				LD_RUNPATH_SEARCH_PATHS = (
					"$(inherited)",
					"@executable_path/Frameworks",
				);
				MARKETING_VERSION = 1.0;
				PRODUCT_BUNDLE_IDENTIFIER = "com.codersmobile.SwiftUI-ObservableObject";
				PRODUCT_NAME = "$(TARGET_NAME)";
				SWIFT_EMIT_LOC_STRINGS = YES;
				SWIFT_VERSION = 5.0;
				TARGETED_DEVICE_FAMILY = "1,2";
			};
			name = Debug;
		};
		38A0501F2DACE95600888E7F /* Release */ = {
			isa = XCBuildConfiguration;
			buildSettings = {
				ASSETCATALOG_COMPILER_APPICON_NAME = AppIcon;
				ASSETCATALOG_COMPILER_GLOBAL_ACCENT_COLOR_NAME = AccentColor;
				CODE_SIGN_STYLE = Automatic;
				CURRENT_PROJECT_VERSION = 1;
				DEVELOPMENT_ASSET_PATHS = "\"SwiftUI_ObservableObject/Preview Content\"";
				ENABLE_PREVIEWS = YES;
				GENERATE_INFOPLIST_FILE = YES;
				INFOPLIST_KEY_UIApplicationSceneManifest_Generation = YES;
				INFOPLIST_KEY_UIApplicationSupportsIndirectInputEvents = YES;
				INFOPLIST_KEY_UILaunchScreen_Generation = YES;
				INFOPLIST_KEY_UISupportedInterfaceOrientations_iPad = "UIInterfaceOrientationPortrait UIInterfaceOrientationPortraitUpsideDown UIInterfaceOrientationLandscapeLeft UIInterfaceOrientationLandscapeRight";
				INFOPLIST_KEY_UISupportedInterfaceOrientations_iPhone = "UIInterfaceOrientationPortrait UIInterfaceOrientationLandscapeLeft UIInterfaceOrientationLandscapeRight";
				LD_RUNPATH_SEARCH_PATHS = (
					"$(inherited)",
					"@executable_path/Frameworks",
				);
				MARKETING_VERSION = 1.0;
				PRODUCT_BUNDLE_IDENTIFIER = "com.codersmobile.SwiftUI-ObservableObject";
				PRODUCT_NAME = "$(TARGET_NAME)";
				SWIFT_EMIT_LOC_STRINGS = YES;
				SWIFT_VERSION = 5.0;
				TARGETED_DEVICE_FAMILY = "1,2";
			};
			name = Release;
		};
		38A050212DACE95600888E7F /* Debug */ = {
			isa = XCBuildConfiguration;
			buildSettings = {
				ALWAYS_EMBED_SWIFT_STANDARD_LIBRARIES = YES;
				BUNDLE_LOADER = "$(TEST_HOST)";
				CODE_SIGN_STYLE = Automatic;
				CURRENT_PROJECT_VERSION = 1;
				GENERATE_INFOPLIST_FILE = YES;
				IPHONEOS_DEPLOYMENT_TARGET = 17.5;
				MARKETING_VERSION = 1.0;
				PRODUCT_BUNDLE_IDENTIFIER = "com.codersmobile.SwiftUI-ObservableObjectTests";
				PRODUCT_NAME = "$(TARGET_NAME)";
				SWIFT_EMIT_LOC_STRINGS = NO;
				SWIFT_VERSION = 5.0;
				TARGETED_DEVICE_FAMILY = "1,2";
				TEST_HOST = "$(BUILT_PRODUCTS_DIR)/SwiftUI_ObservableObject.app/$(BUNDLE_EXECUTABLE_FOLDER_PATH)/SwiftUI_ObservableObject";
			};
			name = Debug;
		};
		38A050222DACE95600888E7F /* Release */ = {
			isa = XCBuildConfiguration;
			buildSettings = {
				ALWAYS_EMBED_SWIFT_STANDARD_LIBRARIES = YES;
				BUNDLE_LOADER = "$(TEST_HOST)";
				CODE_SIGN_STYLE = Automatic;
				CURRENT_PROJECT_VERSION = 1;
				GENERATE_INFOPLIST_FILE = YES;
				IPHONEOS_DEPLOYMENT_TARGET = 17.5;
				MARKETING_VERSION = 1.0;
				PRODUCT_BUNDLE_IDENTIFIER = "com.codersmobile.SwiftUI-ObservableObjectTests";
				PRODUCT_NAME = "$(TARGET_NAME)";
				SWIFT_EMIT_LOC_STRINGS = NO;
				SWIFT_VERSION = 5.0;
				TARGETED_DEVICE_FAMILY = "1,2";
				TEST_HOST = "$(BUILT_PRODUCTS_DIR)/SwiftUI_ObservableObject.app/$(BUNDLE_EXECUTABLE_FOLDER_PATH)/SwiftUI_ObservableObject";
			};
			name = Release;
		};
		38A050242DACE95600888E7F /* Debug */ = {
			isa = XCBuildConfiguration;
			buildSettings = {
				ALWAYS_EMBED_SWIFT_STANDARD_LIBRARIES = YES;
				CODE_SIGN_STYLE = Automatic;
				CURRENT_PROJECT_VERSION = 1;
				GENERATE_INFOPLIST_FILE = YES;
				MARKETING_VERSION = 1.0;
				PRODUCT_BUNDLE_IDENTIFIER = "com.codersmobile.SwiftUI-ObservableObjectUITests";
				PRODUCT_NAME = "$(TARGET_NAME)";
				SWIFT_EMIT_LOC_STRINGS = NO;
				SWIFT_VERSION = 5.0;
				TARGETED_DEVICE_FAMILY = "1,2";
				TEST_TARGET_NAME = SwiftUI_ObservableObject;
			};
			name = Debug;
		};
		38A050252DACE95600888E7F /* Release */ = {
			isa = XCBuildConfiguration;
			buildSettings = {
				ALWAYS_EMBED_SWIFT_STANDARD_LIBRARIES = YES;
				CODE_SIGN_STYLE = Automatic;
				CURRENT_PROJECT_VERSION = 1;
				GENERATE_INFOPLIST_FILE = YES;
				MARKETING_VERSION = 1.0;
				PRODUCT_BUNDLE_IDENTIFIER = "com.codersmobile.SwiftUI-ObservableObjectUITests";
				PRODUCT_NAME = "$(TARGET_NAME)";
				SWIFT_EMIT_LOC_STRINGS = NO;
				SWIFT_VERSION = 5.0;
				TARGETED_DEVICE_FAMILY = "1,2";
				TEST_TARGET_NAME = SwiftUI_ObservableObject;
			};
			name = Release;
		};
/* End XCBuildConfiguration section */

/* Begin XCConfigurationList section */
		38A04FF42DACE95500888E7F /* Build configuration list for PBXProject "SwiftUI_ObservableObject" */ = {
			isa = XCConfigurationList;
			buildConfigurations = (
				38A0501B2DACE95600888E7F /* Debug */,
				38A0501C2DACE95600888E7F /* Release */,
			);
			defaultConfigurationIsVisible = 0;
			defaultConfigurationName = Release;
		};
		38A0501D2DACE95600888E7F /* Build configuration list for PBXNativeTarget "SwiftUI_ObservableObject" */ = {
			isa = XCConfigurationList;
			buildConfigurations = (
				38A0501E2DACE95600888E7F /* Debug */,
				38A0501F2DACE95600888E7F /* Release */,
			);
			defaultConfigurationIsVisible = 0;
			defaultConfigurationName = Release;
		};
		38A050202DACE95600888E7F /* Build configuration list for PBXNativeTarget "SwiftUI_ObservableObjectTests" */ = {
			isa = XCConfigurationList;
			buildConfigurations = (
				38A050212DACE95600888E7F /* Debug */,
				38A050222DACE95600888E7F /* Release */,
			);
			defaultConfigurationIsVisible = 0;
			defaultConfigurationName = Release;
		};
		38A050232DACE95600888E7F /* Build configuration list for PBXNativeTarget "SwiftUI_ObservableObjectUITests" */ = {
			isa = XCConfigurationList;
			buildConfigurations = (
				38A050242DACE95600888E7F /* Debug */,
				38A050252DACE95600888E7F /* Release */,
			);
			defaultConfigurationIsVisible = 0;
			defaultConfigurationName = Release;
		};
/* End XCConfigurationList section */
	};
	rootObject = 38A04FF12DACE95500888E7F /* Project object */;
}
