// !$*UTF8*$!
{
	archiveVersion = 1;
	classes = {
	};
	objectVersion = 56;
	objects = {

/* Begin PBXBuildFile section */
		3810432F2DAC082A00EAE63A /* PropertyWrapper_BindingApp.swift in Sources */ = {isa = PBXBuildFile; fileRef = 3810432E2DAC082A00EAE63A /* PropertyWrapper_BindingApp.swift */; };
		381043312DAC082A00EAE63A /* ContentView.swift in Sources */ = {isa = PBXBuildFile; fileRef = 381043302DAC082A00EAE63A /* ContentView.swift */; };
		381043332DAC082B00EAE63A /* Assets.xcassets in Resources */ = {isa = PBXBuildFile; fileRef = 381043322DAC082B00EAE63A /* Assets.xcassets */; };
		381043362DAC082B00EAE63A /* Preview Assets.xcassets in Resources */ = {isa = PBXBuildFile; fileRef = 381043352DAC082B00EAE63A /* Preview Assets.xcassets */; };
		381043402DAC082B00EAE63A /* PropertyWrapper_BindingTests.swift in Sources */ = {isa = PBXBuildFile; fileRef = 3810433F2DAC082B00EAE63A /* PropertyWrapper_BindingTests.swift */; };
		3810434A2DAC082B00EAE63A /* PropertyWrapper_BindingUITests.swift in Sources */ = {isa = PBXBuildFile; fileRef = 381043492DAC082B00EAE63A /* PropertyWrapper_BindingUITests.swift */; };
		3810434C2DAC082B00EAE63A /* PropertyWrapper_BindingUITestsLaunchTests.swift in Sources */ = {isa = PBXBuildFile; fileRef = 3810434B2DAC082B00EAE63A /* PropertyWrapper_BindingUITestsLaunchTests.swift */; };
/* End PBXBuildFile section */

/* Begin PBXContainerItemProxy section */
		3810433C2DAC082B00EAE63A /* PBXContainerItemProxy */ = {
			isa = PBXContainerItemProxy;
			containerPortal = 381043232DAC082A00EAE63A /* Project object */;
			proxyType = 1;
			remoteGlobalIDString = 3810432A2DAC082A00EAE63A;
			remoteInfo = PropertyWrapper_Binding;
		};
		381043462DAC082B00EAE63A /* PBXContainerItemProxy */ = {
			isa = PBXContainerItemProxy;
			containerPortal = 381043232DAC082A00EAE63A /* Project object */;
			proxyType = 1;
			remoteGlobalIDString = 3810432A2DAC082A00EAE63A;
			remoteInfo = PropertyWrapper_Binding;
		};
/* End PBXContainerItemProxy section */

/* Begin PBXFileReference section */
		3810432B2DAC082A00EAE63A /* PropertyWrapper_Binding.app */ = {isa = PBXFileReference; explicitFileType = wrapper.application; includeInIndex = 0; path = PropertyWrapper_Binding.app; sourceTree = BUILT_PRODUCTS_DIR; };
		3810432E2DAC082A00EAE63A /* PropertyWrapper_BindingApp.swift */ = {isa = PBXFileReference; lastKnownFileType = sourcecode.swift; path = PropertyWrapper_BindingApp.swift; sourceTree = "<group>"; };
		381043302DAC082A00EAE63A /* ContentView.swift */ = {isa = PBXFileReference; lastKnownFileType = sourcecode.swift; path = ContentView.swift; sourceTree = "<group>"; };
		381043322DAC082B00EAE63A /* Assets.xcassets */ = {isa = PBXFileReference; lastKnownFileType = folder.assetcatalog; path = Assets.xcassets; sourceTree = "<group>"; };
		381043352DAC082B00EAE63A /* Preview Assets.xcassets */ = {isa = PBXFileReference; lastKnownFileType = folder.assetcatalog; path = "Preview Assets.xcassets"; sourceTree = "<group>"; };
		3810433B2DAC082B00EAE63A /* PropertyWrapper_BindingTests.xctest */ = {isa = PBXFileReference; explicitFileType = wrapper.cfbundle; includeInIndex = 0; path = PropertyWrapper_BindingTests.xctest; sourceTree = BUILT_PRODUCTS_DIR; };
		3810433F2DAC082B00EAE63A /* PropertyWrapper_BindingTests.swift */ = {isa = PBXFileReference; lastKnownFileType = sourcecode.swift; path = PropertyWrapper_BindingTests.swift; sourceTree = "<group>"; };
		381043452DAC082B00EAE63A /* PropertyWrapper_BindingUITests.xctest */ = {isa = PBXFileReference; explicitFileType = wrapper.cfbundle; includeInIndex = 0; path = PropertyWrapper_BindingUITests.xctest; sourceTree = BUILT_PRODUCTS_DIR; };
		381043492DAC082B00EAE63A /* PropertyWrapper_BindingUITests.swift */ = {isa = PBXFileReference; lastKnownFileType = sourcecode.swift; path = PropertyWrapper_BindingUITests.swift; sourceTree = "<group>"; };
		3810434B2DAC082B00EAE63A /* PropertyWrapper_BindingUITestsLaunchTests.swift */ = {isa = PBXFileReference; lastKnownFileType = sourcecode.swift; path = PropertyWrapper_BindingUITestsLaunchTests.swift; sourceTree = "<group>"; };
/* End PBXFileReference section */

/* Begin PBXFrameworksBuildPhase section */
		381043282DAC082A00EAE63A /* Frameworks */ = {
			isa = PBXFrameworksBuildPhase;
			buildActionMask = 2147483647;
			files = (
			);
			runOnlyForDeploymentPostprocessing = 0;
		};
		381043382DAC082B00EAE63A /* Frameworks */ = {
			isa = PBXFrameworksBuildPhase;
			buildActionMask = 2147483647;
			files = (
			);
			runOnlyForDeploymentPostprocessing = 0;
		};
		381043422DAC082B00EAE63A /* Frameworks */ = {
			isa = PBXFrameworksBuildPhase;
			buildActionMask = 2147483647;
			files = (
			);
			runOnlyForDeploymentPostprocessing = 0;
		};
/* End PBXFrameworksBuildPhase section */

/* Begin PBXGroup section */
		381043222DAC082A00EAE63A = {
			isa = PBXGroup;
			children = (
				3810432D2DAC082A00EAE63A /* PropertyWrapper_Binding */,
				3810433E2DAC082B00EAE63A /* PropertyWrapper_BindingTests */,
				381043482DAC082B00EAE63A /* PropertyWrapper_BindingUITests */,
				3810432C2DAC082A00EAE63A /* Products */,
			);
			sourceTree = "<group>";
		};
		3810432C2DAC082A00EAE63A /* Products */ = {
			isa = PBXGroup;
			children = (
				3810432B2DAC082A00EAE63A /* PropertyWrapper_Binding.app */,
				3810433B2DAC082B00EAE63A /* PropertyWrapper_BindingTests.xctest */,
				381043452DAC082B00EAE63A /* PropertyWrapper_BindingUITests.xctest */,
			);
			name = Products;
			sourceTree = "<group>";
		};
		3810432D2DAC082A00EAE63A /* PropertyWrapper_Binding */ = {
			isa = PBXGroup;
			children = (
				3810432E2DAC082A00EAE63A /* PropertyWrapper_BindingApp.swift */,
				381043302DAC082A00EAE63A /* ContentView.swift */,
				381043322DAC082B00EAE63A /* Assets.xcassets */,
				381043342DAC082B00EAE63A /* Preview Content */,
			);
			path = PropertyWrapper_Binding;
			sourceTree = "<group>";
		};
		381043342DAC082B00EAE63A /* Preview Content */ = {
			isa = PBXGroup;
			children = (
				381043352DAC082B00EAE63A /* Preview Assets.xcassets */,
			);
			path = "Preview Content";
			sourceTree = "<group>";
		};
		3810433E2DAC082B00EAE63A /* PropertyWrapper_BindingTests */ = {
			isa = PBXGroup;
			children = (
				3810433F2DAC082B00EAE63A /* PropertyWrapper_BindingTests.swift */,
			);
			path = PropertyWrapper_BindingTests;
			sourceTree = "<group>";
		};
		381043482DAC082B00EAE63A /* PropertyWrapper_BindingUITests */ = {
			isa = PBXGroup;
			children = (
				381043492DAC082B00EAE63A /* PropertyWrapper_BindingUITests.swift */,
				3810434B2DAC082B00EAE63A /* PropertyWrapper_BindingUITestsLaunchTests.swift */,
			);
			path = PropertyWrapper_BindingUITests;
			sourceTree = "<group>";
		};
/* End PBXGroup section */

/* Begin PBXNativeTarget section */
		3810432A2DAC082A00EAE63A /* PropertyWrapper_Binding */ = {
			isa = PBXNativeTarget;
			buildConfigurationList = 3810434F2DAC082B00EAE63A /* Build configuration list for PBXNativeTarget "PropertyWrapper_Binding" */;
			buildPhases = (
				381043272DAC082A00EAE63A /* Sources */,
				381043282DAC082A00EAE63A /* Frameworks */,
				381043292DAC082A00EAE63A /* Resources */,
			);
			buildRules = (
			);
			dependencies = (
			);
			name = PropertyWrapper_Binding;
			productName = PropertyWrapper_Binding;
			productReference = 3810432B2DAC082A00EAE63A /* PropertyWrapper_Binding.app */;
			productType = "com.apple.product-type.application";
		};
		3810433A2DAC082B00EAE63A /* PropertyWrapper_BindingTests */ = {
			isa = PBXNativeTarget;
			buildConfigurationList = 381043522DAC082B00EAE63A /* Build configuration list for PBXNativeTarget "PropertyWrapper_BindingTests" */;
			buildPhases = (
				381043372DAC082B00EAE63A /* Sources */,
				381043382DAC082B00EAE63A /* Frameworks */,
				381043392DAC082B00EAE63A /* Resources */,
			);
			buildRules = (
			);
			dependencies = (
				3810433D2DAC082B00EAE63A /* PBXTargetDependency */,
			);
			name = PropertyWrapper_BindingTests;
			productName = PropertyWrapper_BindingTests;
			productReference = 3810433B2DAC082B00EAE63A /* PropertyWrapper_BindingTests.xctest */;
			productType = "com.apple.product-type.bundle.unit-test";
		};
		381043442DAC082B00EAE63A /* PropertyWrapper_BindingUITests */ = {
			isa = PBXNativeTarget;
			buildConfigurationList = 381043552DAC082B00EAE63A /* Build configuration list for PBXNativeTarget "PropertyWrapper_BindingUITests" */;
			buildPhases = (
				381043412DAC082B00EAE63A /* Sources */,
				381043422DAC082B00EAE63A /* Frameworks */,
				381043432DAC082B00EAE63A /* Resources */,
			);
			buildRules = (
			);
			dependencies = (
				381043472DAC082B00EAE63A /* PBXTargetDependency */,
			);
			name = PropertyWrapper_BindingUITests;
			productName = PropertyWrapper_BindingUITests;
			productReference = 381043452DAC082B00EAE63A /* PropertyWrapper_BindingUITests.xctest */;
			productType = "com.apple.product-type.bundle.ui-testing";
		};
/* End PBXNativeTarget section */

/* Begin PBXProject section */
		381043232DAC082A00EAE63A /* Project object */ = {
			isa = PBXProject;
			attributes = {
				BuildIndependentTargetsInParallel = 1;
				LastSwiftUpdateCheck = 1540;
				LastUpgradeCheck = 1540;
				TargetAttributes = {
					3810432A2DAC082A00EAE63A = {
						CreatedOnToolsVersion = 15.4;
					};
					3810433A2DAC082B00EAE63A = {
						CreatedOnToolsVersion = 15.4;
						TestTargetID = 3810432A2DAC082A00EAE63A;
					};
					381043442DAC082B00EAE63A = {
						CreatedOnToolsVersion = 15.4;
						TestTargetID = 3810432A2DAC082A00EAE63A;
					};
				};
			};
			buildConfigurationList = 381043262DAC082A00EAE63A /* Build configuration list for PBXProject "PropertyWrapper_Binding" */;
			compatibilityVersion = "Xcode 14.0";
			developmentRegion = en;
			hasScannedForEncodings = 0;
			knownRegions = (
				en,
				Base,
			);
			mainGroup = 381043222DAC082A00EAE63A;
			productRefGroup = 3810432C2DAC082A00EAE63A /* Products */;
			projectDirPath = "";
			projectRoot = "";
			targets = (
				3810432A2DAC082A00EAE63A /* PropertyWrapper_Binding */,
				3810433A2DAC082B00EAE63A /* PropertyWrapper_BindingTests */,
				381043442DAC082B00EAE63A /* PropertyWrapper_BindingUITests */,
			);
		};
/* End PBXProject section */

/* Begin PBXResourcesBuildPhase section */
		381043292DAC082A00EAE63A /* Resources */ = {
			isa = PBXResourcesBuildPhase;
			buildActionMask = 2147483647;
			files = (
				381043362DAC082B00EAE63A /* Preview Assets.xcassets in Resources */,
				381043332DAC082B00EAE63A /* Assets.xcassets in Resources */,
			);
			runOnlyForDeploymentPostprocessing = 0;
		};
		381043392DAC082B00EAE63A /* Resources */ = {
			isa = PBXResourcesBuildPhase;
			buildActionMask = 2147483647;
			files = (
			);
			runOnlyForDeploymentPostprocessing = 0;
		};
		381043432DAC082B00EAE63A /* Resources */ = {
			isa = PBXResourcesBuildPhase;
			buildActionMask = 2147483647;
			files = (
			);
			runOnlyForDeploymentPostprocessing = 0;
		};
/* End PBXResourcesBuildPhase section */

/* Begin PBXSourcesBuildPhase section */
		381043272DAC082A00EAE63A /* Sources */ = {
			isa = PBXSourcesBuildPhase;
			buildActionMask = 2147483647;
			files = (
				381043312DAC082A00EAE63A /* ContentView.swift in Sources */,
				3810432F2DAC082A00EAE63A /* PropertyWrapper_BindingApp.swift in Sources */,
			);
			runOnlyForDeploymentPostprocessing = 0;
		};
		381043372DAC082B00EAE63A /* Sources */ = {
			isa = PBXSourcesBuildPhase;
			buildActionMask = 2147483647;
			files = (
				381043402DAC082B00EAE63A /* PropertyWrapper_BindingTests.swift in Sources */,
			);
			runOnlyForDeploymentPostprocessing = 0;
		};
		381043412DAC082B00EAE63A /* Sources */ = {
			isa = PBXSourcesBuildPhase;
			buildActionMask = 2147483647;
			files = (
				3810434A2DAC082B00EAE63A /* PropertyWrapper_BindingUITests.swift in Sources */,
				3810434C2DAC082B00EAE63A /* PropertyWrapper_BindingUITestsLaunchTests.swift in Sources */,
			);
			runOnlyForDeploymentPostprocessing = 0;
		};
/* End PBXSourcesBuildPhase section */

/* Begin PBXTargetDependency section */
		3810433D2DAC082B00EAE63A /* PBXTargetDependency */ = {
			isa = PBXTargetDependency;
			target = 3810432A2DAC082A00EAE63A /* PropertyWrapper_Binding */;
			targetProxy = 3810433C2DAC082B00EAE63A /* PBXContainerItemProxy */;
		};
		381043472DAC082B00EAE63A /* PBXTargetDependency */ = {
			isa = PBXTargetDependency;
			target = 3810432A2DAC082A00EAE63A /* PropertyWrapper_Binding */;
			targetProxy = 381043462DAC082B00EAE63A /* PBXContainerItemProxy */;
		};
/* End PBXTargetDependency section */

/* Begin XCBuildConfiguration section */
		3810434D2DAC082B00EAE63A /* Debug */ = {
			isa = XCBuildConfiguration;
			buildSettings = {
				ALWAYS_SEARCH_USER_PATHS = NO;
				ASSETCATALOG_COMPILER_GENERATE_SWIFT_ASSET_SYMBOL_EXTENSIONS = YES;
				CLANG_ANALYZER_NONNULL = YES;
				CLANG_ANALYZER_NUMBER_OBJECT_CONVERSION = YES_AGGRESSIVE;
				CLANG_CXX_LANGUAGE_STANDARD = "gnu++20";
				CLANG_ENABLE_MODULES = YES;
				CLANG_ENABLE_OBJC_ARC = YES;
				CLANG_ENABLE_OBJC_WEAK = YES;
				CLANG_WARN_BLOCK_CAPTURE_AUTORELEASING = YES;
				CLANG_WARN_BOOL_CONVERSION = YES;
				CLANG_WARN_COMMA = YES;
				CLANG_WARN_CONSTANT_CONVERSION = YES;
				CLANG_WARN_DEPRECATED_OBJC_IMPLEMENTATIONS = YES;
				CLANG_WARN_DIRECT_OBJC_ISA_USAGE = YES_ERROR;
				CLANG_WARN_DOCUMENTATION_COMMENTS = YES;
				CLANG_WARN_EMPTY_BODY = YES;
				CLANG_WARN_ENUM_CONVERSION = YES;
				CLANG_WARN_INFINITE_RECURSION = YES;
				CLANG_WARN_INT_CONVERSION = YES;
				CLANG_WARN_NON_LITERAL_NULL_CONVERSION = YES;
				CLANG_WARN_OBJC_IMPLICIT_RETAIN_SELF = YES;
				CLANG_WARN_OBJC_LITERAL_CONVERSION = YES;
				CLANG_WARN_OBJC_ROOT_CLASS = YES_ERROR;
				CLANG_WARN_QUOTED_INCLUDE_IN_FRAMEWORK_HEADER = YES;
				CLANG_WARN_RANGE_LOOP_ANALYSIS = YES;
				CLANG_WARN_STRICT_PROTOTYPES = YES;
				CLANG_WARN_SUSPICIOUS_MOVE = YES;
				CLANG_WARN_UNGUARDED_AVAILABILITY = YES_AGGRESSIVE;
				CLANG_WARN_UNREACHABLE_CODE = YES;
				CLANG_WARN__DUPLICATE_METHOD_MATCH = YES;
				COPY_PHASE_STRIP = NO;
				DEBUG_INFORMATION_FORMAT = dwarf;
				ENABLE_STRICT_OBJC_MSGSEND = YES;
				ENABLE_TESTABILITY = YES;
				ENABLE_USER_SCRIPT_SANDBOXING = YES;
				GCC_C_LANGUAGE_STANDARD = gnu17;
				GCC_DYNAMIC_NO_PIC = NO;
				GCC_NO_COMMON_BLOCKS = YES;
				GCC_OPTIMIZATION_LEVEL = 0;
				GCC_PREPROCESSOR_DEFINITIONS = (
					"DEBUG=1",
					"$(inherited)",
				);
				GCC_WARN_64_TO_32_BIT_CONVERSION = YES;
				GCC_WARN_ABOUT_RETURN_TYPE = YES_ERROR;
				GCC_WARN_UNDECLARED_SELECTOR = YES;
				GCC_WARN_UNINITIALIZED_AUTOS = YES_AGGRESSIVE;
				GCC_WARN_UNUSED_FUNCTION = YES;
				GCC_WARN_UNUSED_VARIABLE = YES;
				IPHONEOS_DEPLOYMENT_TARGET = 17.5;
				LOCALIZATION_PREFERS_STRING_CATALOGS = YES;
				MTL_ENABLE_DEBUG_INFO = INCLUDE_SOURCE;
				MTL_FAST_MATH = YES;
				ONLY_ACTIVE_ARCH = YES;
				SDKROOT = iphoneos;
				SWIFT_ACTIVE_COMPILATION_CONDITIONS = "DEBUG $(inherited)";
				SWIFT_OPTIMIZATION_LEVEL = "-Onone";
			};
			name = Debug;
		};
		3810434E2DAC082B00EAE63A /* Release */ = {
			isa = XCBuildConfiguration;
			buildSettings = {
				ALWAYS_SEARCH_USER_PATHS = NO;
				ASSETCATALOG_COMPILER_GENERATE_SWIFT_ASSET_SYMBOL_EXTENSIONS = YES;
				CLANG_ANALYZER_NONNULL = YES;
				CLANG_ANALYZER_NUMBER_OBJECT_CONVERSION = YES_AGGRESSIVE;
				CLANG_CXX_LANGUAGE_STANDARD = "gnu++20";
				CLANG_ENABLE_MODULES = YES;
				CLANG_ENABLE_OBJC_ARC = YES;
				CLANG_ENABLE_OBJC_WEAK = YES;
				CLANG_WARN_BLOCK_CAPTURE_AUTORELEASING = YES;
				CLANG_WARN_BOOL_CONVERSION = YES;
				CLANG_WARN_COMMA = YES;
				CLANG_WARN_CONSTANT_CONVERSION = YES;
				CLANG_WARN_DEPRECATED_OBJC_IMPLEMENTATIONS = YES;
				CLANG_WARN_DIRECT_OBJC_ISA_USAGE = YES_ERROR;
				CLANG_WARN_DOCUMENTATION_COMMENTS = YES;
				CLANG_WARN_EMPTY_BODY = YES;
				CLANG_WARN_ENUM_CONVERSION = YES;
				CLANG_WARN_INFINITE_RECURSION = YES;
				CLANG_WARN_INT_CONVERSION = YES;
				CLANG_WARN_NON_LITERAL_NULL_CONVERSION = YES;
				CLANG_WARN_OBJC_IMPLICIT_RETAIN_SELF = YES;
				CLANG_WARN_OBJC_LITERAL_CONVERSION = YES;
				CLANG_WARN_OBJC_ROOT_CLASS = YES_ERROR;
				CLANG_WARN_QUOTED_INCLUDE_IN_FRAMEWORK_HEADER = YES;
				CLANG_WARN_RANGE_LOOP_ANALYSIS = YES;
				CLANG_WARN_STRICT_PROTOTYPES = YES;
				CLANG_WARN_SUSPICIOUS_MOVE = YES;
				CLANG_WARN_UNGUARDED_AVAILABILITY = YES_AGGRESSIVE;
				CLANG_WARN_UNREACHABLE_CODE = YES;
				CLANG_WARN__DUPLICATE_METHOD_MATCH = YES;
				COPY_PHASE_STRIP = NO;
				DEBUG_INFORMATION_FORMAT = "dwarf-with-dsym";
				ENABLE_NS_ASSERTIONS = NO;
				ENABLE_STRICT_OBJC_MSGSEND = YES;
				ENABLE_USER_SCRIPT_SANDBOXING = YES;
				GCC_C_LANGUAGE_STANDARD = gnu17;
				GCC_NO_COMMON_BLOCKS = YES;
				GCC_WARN_64_TO_32_BIT_CONVERSION = YES;
				GCC_WARN_ABOUT_RETURN_TYPE = YES_ERROR;
				GCC_WARN_UNDECLARED_SELECTOR = YES;
				GCC_WARN_UNINITIALIZED_AUTOS = YES_AGGRESSIVE;
				GCC_WARN_UNUSED_FUNCTION = YES;
				GCC_WARN_UNUSED_VARIABLE = YES;
				IPHONEOS_DEPLOYMENT_TARGET = 17.5;
				LOCALIZATION_PREFERS_STRING_CATALOGS = YES;
				MTL_ENABLE_DEBUG_INFO = NO;
				MTL_FAST_MATH = YES;
				SDKROOT = iphoneos;
				SWIFT_COMPILATION_MODE = wholemodule;
				VALIDATE_PRODUCT = YES;
			};
			name = Release;
		};
		381043502DAC082B00EAE63A /* Debug */ = {
			isa = XCBuildConfiguration;
			buildSettings = {
				ASSETCATALOG_COMPILER_APPICON_NAME = AppIcon;
				ASSETCATALOG_COMPILER_GLOBAL_ACCENT_COLOR_NAME = AccentColor;
				CODE_SIGN_STYLE = Automatic;
				CURRENT_PROJECT_VERSION = 1;
				DEVELOPMENT_ASSET_PATHS = "\"PropertyWrapper_Binding/Preview Content\"";
				ENABLE_PREVIEWS = YES;
				GENERATE_INFOPLIST_FILE = YES;
				INFOPLIST_KEY_UIApplicationSceneManifest_Generation = YES;
				INFOPLIST_KEY_UIApplicationSupportsIndirectInputEvents = YES;
				INFOPLIST_KEY_UILaunchScreen_Generation = YES;
				INFOPLIST_KEY_UISupportedInterfaceOrientations_iPad = "UIInterfaceOrientationPortrait UIInterfaceOrientationPortraitUpsideDown UIInterfaceOrientationLandscapeLeft UIInterfaceOrientationLandscapeRight";
				INFOPLIST_KEY_UISupportedInterfaceOrientations_iPhone = "UIInterfaceOrientationPortrait UIInterfaceOrientationLandscapeLeft UIInterfaceOrientationLandscapeRight";
				LD_RUNPATH_SEARCH_PATHS = (
					"$(inherited)",
					"@executable_path/Frameworks",
				);
				MARKETING_VERSION = 1.0;
				PRODUCT_BUNDLE_IDENTIFIER = "com.codersmobile.PropertyWrapper-Binding";
				PRODUCT_NAME = "$(TARGET_NAME)";
				SWIFT_EMIT_LOC_STRINGS = YES;
				SWIFT_VERSION = 5.0;
				TARGETED_DEVICE_FAMILY = "1,2";
			};
			name = Debug;
		};
		381043512DAC082B00EAE63A /* Release */ = {
			isa = XCBuildConfiguration;
			buildSettings = {
				ASSETCATALOG_COMPILER_APPICON_NAME = AppIcon;
				ASSETCATALOG_COMPILER_GLOBAL_ACCENT_COLOR_NAME = AccentColor;
				CODE_SIGN_STYLE = Automatic;
				CURRENT_PROJECT_VERSION = 1;
				DEVELOPMENT_ASSET_PATHS = "\"PropertyWrapper_Binding/Preview Content\"";
				ENABLE_PREVIEWS = YES;
				GENERATE_INFOPLIST_FILE = YES;
				INFOPLIST_KEY_UIApplicationSceneManifest_Generation = YES;
				INFOPLIST_KEY_UIApplicationSupportsIndirectInputEvents = YES;
				INFOPLIST_KEY_UILaunchScreen_Generation = YES;
				INFOPLIST_KEY_UISupportedInterfaceOrientations_iPad = "UIInterfaceOrientationPortrait UIInterfaceOrientationPortraitUpsideDown UIInterfaceOrientationLandscapeLeft UIInterfaceOrientationLandscapeRight";
				INFOPLIST_KEY_UISupportedInterfaceOrientations_iPhone = "UIInterfaceOrientationPortrait UIInterfaceOrientationLandscapeLeft UIInterfaceOrientationLandscapeRight";
				LD_RUNPATH_SEARCH_PATHS = (
					"$(inherited)",
					"@executable_path/Frameworks",
				);
				MARKETING_VERSION = 1.0;
				PRODUCT_BUNDLE_IDENTIFIER = "com.codersmobile.PropertyWrapper-Binding";
				PRODUCT_NAME = "$(TARGET_NAME)";
				SWIFT_EMIT_LOC_STRINGS = YES;
				SWIFT_VERSION = 5.0;
				TARGETED_DEVICE_FAMILY = "1,2";
			};
			name = Release;
		};
		381043532DAC082B00EAE63A /* Debug */ = {
			isa = XCBuildConfiguration;
			buildSettings = {
				ALWAYS_EMBED_SWIFT_STANDARD_LIBRARIES = YES;
				BUNDLE_LOADER = "$(TEST_HOST)";
				CODE_SIGN_STYLE = Automatic;
				CURRENT_PROJECT_VERSION = 1;
				GENERATE_INFOPLIST_FILE = YES;
				IPHONEOS_DEPLOYMENT_TARGET = 17.5;
				MARKETING_VERSION = 1.0;
				PRODUCT_BUNDLE_IDENTIFIER = "com.codersmobile.PropertyWrapper-BindingTests";
				PRODUCT_NAME = "$(TARGET_NAME)";
				SWIFT_EMIT_LOC_STRINGS = NO;
				SWIFT_VERSION = 5.0;
				TARGETED_DEVICE_FAMILY = "1,2";
				TEST_HOST = "$(BUILT_PRODUCTS_DIR)/PropertyWrapper_Binding.app/$(BUNDLE_EXECUTABLE_FOLDER_PATH)/PropertyWrapper_Binding";
			};
			name = Debug;
		};
		381043542DAC082B00EAE63A /* Release */ = {
			isa = XCBuildConfiguration;
			buildSettings = {
				ALWAYS_EMBED_SWIFT_STANDARD_LIBRARIES = YES;
				BUNDLE_LOADER = "$(TEST_HOST)";
				CODE_SIGN_STYLE = Automatic;
				CURRENT_PROJECT_VERSION = 1;
				GENERATE_INFOPLIST_FILE = YES;
				IPHONEOS_DEPLOYMENT_TARGET = 17.5;
				MARKETING_VERSION = 1.0;
				PRODUCT_BUNDLE_IDENTIFIER = "com.codersmobile.PropertyWrapper-BindingTests";
				PRODUCT_NAME = "$(TARGET_NAME)";
				SWIFT_EMIT_LOC_STRINGS = NO;
				SWIFT_VERSION = 5.0;
				TARGETED_DEVICE_FAMILY = "1,2";
				TEST_HOST = "$(BUILT_PRODUCTS_DIR)/PropertyWrapper_Binding.app/$(BUNDLE_EXECUTABLE_FOLDER_PATH)/PropertyWrapper_Binding";
			};
			name = Release;
		};
		381043562DAC082B00EAE63A /* Debug */ = {
			isa = XCBuildConfiguration;
			buildSettings = {
				ALWAYS_EMBED_SWIFT_STANDARD_LIBRARIES = YES;
				CODE_SIGN_STYLE = Automatic;
				CURRENT_PROJECT_VERSION = 1;
				GENERATE_INFOPLIST_FILE = YES;
				MARKETING_VERSION = 1.0;
				PRODUCT_BUNDLE_IDENTIFIER = "com.codersmobile.PropertyWrapper-BindingUITests";
				PRODUCT_NAME = "$(TARGET_NAME)";
				SWIFT_EMIT_LOC_STRINGS = NO;
				SWIFT_VERSION = 5.0;
				TARGETED_DEVICE_FAMILY = "1,2";
				TEST_TARGET_NAME = PropertyWrapper_Binding;
			};
			name = Debug;
		};
		381043572DAC082B00EAE63A /* Release */ = {
			isa = XCBuildConfiguration;
			buildSettings = {
				ALWAYS_EMBED_SWIFT_STANDARD_LIBRARIES = YES;
				CODE_SIGN_STYLE = Automatic;
				CURRENT_PROJECT_VERSION = 1;
				GENERATE_INFOPLIST_FILE = YES;
				MARKETING_VERSION = 1.0;
				PRODUCT_BUNDLE_IDENTIFIER = "com.codersmobile.PropertyWrapper-BindingUITests";
				PRODUCT_NAME = "$(TARGET_NAME)";
				SWIFT_EMIT_LOC_STRINGS = NO;
				SWIFT_VERSION = 5.0;
				TARGETED_DEVICE_FAMILY = "1,2";
				TEST_TARGET_NAME = PropertyWrapper_Binding;
			};
			name = Release;
		};
/* End XCBuildConfiguration section */

/* Begin XCConfigurationList section */
		381043262DAC082A00EAE63A /* Build configuration list for PBXProject "PropertyWrapper_Binding" */ = {
			isa = XCConfigurationList;
			buildConfigurations = (
				3810434D2DAC082B00EAE63A /* Debug */,
				3810434E2DAC082B00EAE63A /* Release */,
			);
			defaultConfigurationIsVisible = 0;
			defaultConfigurationName = Release;
		};
		3810434F2DAC082B00EAE63A /* Build configuration list for PBXNativeTarget "PropertyWrapper_Binding" */ = {
			isa = XCConfigurationList;
			buildConfigurations = (
				381043502DAC082B00EAE63A /* Debug */,
				381043512DAC082B00EAE63A /* Release */,
			);
			defaultConfigurationIsVisible = 0;
			defaultConfigurationName = Release;
		};
		381043522DAC082B00EAE63A /* Build configuration list for PBXNativeTarget "PropertyWrapper_BindingTests" */ = {
			isa = XCConfigurationList;
			buildConfigurations = (
				381043532DAC082B00EAE63A /* Debug */,
				381043542DAC082B00EAE63A /* Release */,
			);
			defaultConfigurationIsVisible = 0;
			defaultConfigurationName = Release;
		};
		381043552DAC082B00EAE63A /* Build configuration list for PBXNativeTarget "PropertyWrapper_BindingUITests" */ = {
			isa = XCConfigurationList;
			buildConfigurations = (
				381043562DAC082B00EAE63A /* Debug */,
				381043572DAC082B00EAE63A /* Release */,
			);
			defaultConfigurationIsVisible = 0;
			defaultConfigurationName = Release;
		};
/* End XCConfigurationList section */
	};
	rootObject = 381043232DAC082A00EAE63A /* Project object */;
}
