// !$*UTF8*$!
{
	archiveVersion = 1;
	classes = {
	};
	objectVersion = 56;
	objects = {

/* Begin PBXBuildFile section */
		38CEAA782DA264E100D284DA /* AppDelegate.swift in Sources */ = {isa = PBXBuildFile; fileRef = 38CEAA772DA264E100D284DA /* AppDelegate.swift */; };
		38CEAA7A2DA264E100D284DA /* SceneDelegate.swift in Sources */ = {isa = PBXBuildFile; fileRef = 38CEAA792DA264E100D284DA /* SceneDelegate.swift */; };
		38CEAA7C2DA264E100D284DA /* ViewController.swift in Sources */ = {isa = PBXBuildFile; fileRef = 38CEAA7B2DA264E100D284DA /* ViewController.swift */; };
		38CEAA7F2DA264E100D284DA /* Base in Resources */ = {isa = PBXBuildFile; fileRef = 38CEAA7E2DA264E100D284DA /* Base */; };
		38CEAA812DA264E200D284DA /* Assets.xcassets in Resources */ = {isa = PBXBuildFile; fileRef = 38CEAA802DA264E200D284DA /* Assets.xcassets */; };
		38CEAA842DA264E200D284DA /* Base in Resources */ = {isa = PBXBuildFile; fileRef = 38CEAA832DA264E200D284DA /* Base */; };
		38CEAA8F2DA264E200D284DA /* SwiftProgrammingTests.swift in Sources */ = {isa = PBXBuildFile; fileRef = 38CEAA8E2DA264E200D284DA /* SwiftProgrammingTests.swift */; };
		38CEAA992DA264E200D284DA /* SwiftProgrammingUITests.swift in Sources */ = {isa = PBXBuildFile; fileRef = 38CEAA982DA264E200D284DA /* SwiftProgrammingUITests.swift */; };
		38CEAA9B2DA264E200D284DA /* SwiftProgrammingUITestsLaunchTests.swift in Sources */ = {isa = PBXBuildFile; fileRef = 38CEAA9A2DA264E200D284DA /* SwiftProgrammingUITestsLaunchTests.swift */; };
/* End PBXBuildFile section */

/* Begin PBXContainerItemProxy section */
		38CEAA8B2DA264E200D284DA /* PBXContainerItemProxy */ = {
			isa = PBXContainerItemProxy;
			containerPortal = 38CEAA6C2DA264E100D284DA /* Project object */;
			proxyType = 1;
			remoteGlobalIDString = 38CEAA732DA264E100D284DA;
			remoteInfo = SwiftProgramming;
		};
		38CEAA952DA264E200D284DA /* PBXContainerItemProxy */ = {
			isa = PBXContainerItemProxy;
			containerPortal = 38CEAA6C2DA264E100D284DA /* Project object */;
			proxyType = 1;
			remoteGlobalIDString = 38CEAA732DA264E100D284DA;
			remoteInfo = SwiftProgramming;
		};
/* End PBXContainerItemProxy section */

/* Begin PBXFileReference section */
		38CEAA742DA264E100D284DA /* SwiftProgramming.app */ = {isa = PBXFileReference; explicitFileType = wrapper.application; includeInIndex = 0; path = SwiftProgramming.app; sourceTree = BUILT_PRODUCTS_DIR; };
		38CEAA772DA264E100D284DA /* AppDelegate.swift */ = {isa = PBXFileReference; lastKnownFileType = sourcecode.swift; path = AppDelegate.swift; sourceTree = "<group>"; };
		38CEAA792DA264E100D284DA /* SceneDelegate.swift */ = {isa = PBXFileReference; lastKnownFileType = sourcecode.swift; path = SceneDelegate.swift; sourceTree = "<group>"; };
		38CEAA7B2DA264E100D284DA /* ViewController.swift */ = {isa = PBXFileReference; lastKnownFileType = sourcecode.swift; path = ViewController.swift; sourceTree = "<group>"; };
		38CEAA7E2DA264E100D284DA /* Base */ = {isa = PBXFileReference; lastKnownFileType = file.storyboard; name = Base; path = Base.lproj/Main.storyboard; sourceTree = "<group>"; };
		38CEAA802DA264E200D284DA /* Assets.xcassets */ = {isa = PBXFileReference; lastKnownFileType = folder.assetcatalog; path = Assets.xcassets; sourceTree = "<group>"; };
		38CEAA832DA264E200D284DA /* Base */ = {isa = PBXFileReference; lastKnownFileType = file.storyboard; name = Base; path = Base.lproj/LaunchScreen.storyboard; sourceTree = "<group>"; };
		38CEAA852DA264E200D284DA /* Info.plist */ = {isa = PBXFileReference; lastKnownFileType = text.plist.xml; path = Info.plist; sourceTree = "<group>"; };
		38CEAA8A2DA264E200D284DA /* SwiftProgrammingTests.xctest */ = {isa = PBXFileReference; explicitFileType = wrapper.cfbundle; includeInIndex = 0; path = SwiftProgrammingTests.xctest; sourceTree = BUILT_PRODUCTS_DIR; };
		38CEAA8E2DA264E200D284DA /* SwiftProgrammingTests.swift */ = {isa = PBXFileReference; lastKnownFileType = sourcecode.swift; path = SwiftProgrammingTests.swift; sourceTree = "<group>"; };
		38CEAA942DA264E200D284DA /* SwiftProgrammingUITests.xctest */ = {isa = PBXFileReference; explicitFileType = wrapper.cfbundle; includeInIndex = 0; path = SwiftProgrammingUITests.xctest; sourceTree = BUILT_PRODUCTS_DIR; };
		38CEAA982DA264E200D284DA /* SwiftProgrammingUITests.swift */ = {isa = PBXFileReference; lastKnownFileType = sourcecode.swift; path = SwiftProgrammingUITests.swift; sourceTree = "<group>"; };
		38CEAA9A2DA264E200D284DA /* SwiftProgrammingUITestsLaunchTests.swift */ = {isa = PBXFileReference; lastKnownFileType = sourcecode.swift; path = SwiftProgrammingUITestsLaunchTests.swift; sourceTree = "<group>"; };
/* End PBXFileReference section */

/* Begin PBXFrameworksBuildPhase section */
		38CEAA712DA264E100D284DA /* Frameworks */ = {
			isa = PBXFrameworksBuildPhase;
			buildActionMask = 2147483647;
			files = (
			);
			runOnlyForDeploymentPostprocessing = 0;
		};
		38CEAA872DA264E200D284DA /* Frameworks */ = {
			isa = PBXFrameworksBuildPhase;
			buildActionMask = 2147483647;
			files = (
			);
			runOnlyForDeploymentPostprocessing = 0;
		};
		38CEAA912DA264E200D284DA /* Frameworks */ = {
			isa = PBXFrameworksBuildPhase;
			buildActionMask = 2147483647;
			files = (
			);
			runOnlyForDeploymentPostprocessing = 0;
		};
/* End PBXFrameworksBuildPhase section */

/* Begin PBXGroup section */
		38CEAA6B2DA264E100D284DA = {
			isa = PBXGroup;
			children = (
				38CEAA762DA264E100D284DA /* SwiftProgramming */,
				38CEAA8D2DA264E200D284DA /* SwiftProgrammingTests */,
				38CEAA972DA264E200D284DA /* SwiftProgrammingUITests */,
				38CEAA752DA264E100D284DA /* Products */,
			);
			sourceTree = "<group>";
		};
		38CEAA752DA264E100D284DA /* Products */ = {
			isa = PBXGroup;
			children = (
				38CEAA742DA264E100D284DA /* SwiftProgramming.app */,
				38CEAA8A2DA264E200D284DA /* SwiftProgrammingTests.xctest */,
				38CEAA942DA264E200D284DA /* SwiftProgrammingUITests.xctest */,
			);
			name = Products;
			sourceTree = "<group>";
		};
		38CEAA762DA264E100D284DA /* SwiftProgramming */ = {
			isa = PBXGroup;
			children = (
				38CEAA772DA264E100D284DA /* AppDelegate.swift */,
				38CEAA792DA264E100D284DA /* SceneDelegate.swift */,
				38CEAA7B2DA264E100D284DA /* ViewController.swift */,
				38CEAA7D2DA264E100D284DA /* Main.storyboard */,
				38CEAA802DA264E200D284DA /* Assets.xcassets */,
				38CEAA822DA264E200D284DA /* LaunchScreen.storyboard */,
				38CEAA852DA264E200D284DA /* Info.plist */,
			);
			path = SwiftProgramming;
			sourceTree = "<group>";
		};
		38CEAA8D2DA264E200D284DA /* SwiftProgrammingTests */ = {
			isa = PBXGroup;
			children = (
				38CEAA8E2DA264E200D284DA /* SwiftProgrammingTests.swift */,
			);
			path = SwiftProgrammingTests;
			sourceTree = "<group>";
		};
		38CEAA972DA264E200D284DA /* SwiftProgrammingUITests */ = {
			isa = PBXGroup;
			children = (
				38CEAA982DA264E200D284DA /* SwiftProgrammingUITests.swift */,
				38CEAA9A2DA264E200D284DA /* SwiftProgrammingUITestsLaunchTests.swift */,
			);
			path = SwiftProgrammingUITests;
			sourceTree = "<group>";
		};
/* End PBXGroup section */

/* Begin PBXNativeTarget section */
		38CEAA732DA264E100D284DA /* SwiftProgramming */ = {
			isa = PBXNativeTarget;
			buildConfigurationList = 38CEAA9E2DA264E200D284DA /* Build configuration list for PBXNativeTarget "SwiftProgramming" */;
			buildPhases = (
				38CEAA702DA264E100D284DA /* Sources */,
				38CEAA712DA264E100D284DA /* Frameworks */,
				38CEAA722DA264E100D284DA /* Resources */,
			);
			buildRules = (
			);
			dependencies = (
			);
			name = SwiftProgramming;
			productName = SwiftProgramming;
			productReference = 38CEAA742DA264E100D284DA /* SwiftProgramming.app */;
			productType = "com.apple.product-type.application";
		};
		38CEAA892DA264E200D284DA /* SwiftProgrammingTests */ = {
			isa = PBXNativeTarget;
			buildConfigurationList = 38CEAAA12DA264E200D284DA /* Build configuration list for PBXNativeTarget "SwiftProgrammingTests" */;
			buildPhases = (
				38CEAA862DA264E200D284DA /* Sources */,
				38CEAA872DA264E200D284DA /* Frameworks */,
				38CEAA882DA264E200D284DA /* Resources */,
			);
			buildRules = (
			);
			dependencies = (
				38CEAA8C2DA264E200D284DA /* PBXTargetDependency */,
			);
			name = SwiftProgrammingTests;
			productName = SwiftProgrammingTests;
			productReference = 38CEAA8A2DA264E200D284DA /* SwiftProgrammingTests.xctest */;
			productType = "com.apple.product-type.bundle.unit-test";
		};
		38CEAA932DA264E200D284DA /* SwiftProgrammingUITests */ = {
			isa = PBXNativeTarget;
			buildConfigurationList = 38CEAAA42DA264E200D284DA /* Build configuration list for PBXNativeTarget "SwiftProgrammingUITests" */;
			buildPhases = (
				38CEAA902DA264E200D284DA /* Sources */,
				38CEAA912DA264E200D284DA /* Frameworks */,
				38CEAA922DA264E200D284DA /* Resources */,
			);
			buildRules = (
			);
			dependencies = (
				38CEAA962DA264E200D284DA /* PBXTargetDependency */,
			);
			name = SwiftProgrammingUITests;
			productName = SwiftProgrammingUITests;
			productReference = 38CEAA942DA264E200D284DA /* SwiftProgrammingUITests.xctest */;
			productType = "com.apple.product-type.bundle.ui-testing";
		};
/* End PBXNativeTarget section */

/* Begin PBXProject section */
		38CEAA6C2DA264E100D284DA /* Project object */ = {
			isa = PBXProject;
			attributes = {
				BuildIndependentTargetsInParallel = 1;
				LastSwiftUpdateCheck = 1540;
				LastUpgradeCheck = 1540;
				TargetAttributes = {
					38CEAA732DA264E100D284DA = {
						CreatedOnToolsVersion = 15.4;
					};
					38CEAA892DA264E200D284DA = {
						CreatedOnToolsVersion = 15.4;
						TestTargetID = 38CEAA732DA264E100D284DA;
					};
					38CEAA932DA264E200D284DA = {
						CreatedOnToolsVersion = 15.4;
						TestTargetID = 38CEAA732DA264E100D284DA;
					};
				};
			};
			buildConfigurationList = 38CEAA6F2DA264E100D284DA /* Build configuration list for PBXProject "SwiftProgramming" */;
			compatibilityVersion = "Xcode 14.0";
			developmentRegion = en;
			hasScannedForEncodings = 0;
			knownRegions = (
				en,
				Base,
			);
			mainGroup = 38CEAA6B2DA264E100D284DA;
			productRefGroup = 38CEAA752DA264E100D284DA /* Products */;
			projectDirPath = "";
			projectRoot = "";
			targets = (
				38CEAA732DA264E100D284DA /* SwiftProgramming */,
				38CEAA892DA264E200D284DA /* SwiftProgrammingTests */,
				38CEAA932DA264E200D284DA /* SwiftProgrammingUITests */,
			);
		};
/* End PBXProject section */

/* Begin PBXResourcesBuildPhase section */
		38CEAA722DA264E100D284DA /* Resources */ = {
			isa = PBXResourcesBuildPhase;
			buildActionMask = 2147483647;
			files = (
				38CEAA812DA264E200D284DA /* Assets.xcassets in Resources */,
				38CEAA842DA264E200D284DA /* Base in Resources */,
				38CEAA7F2DA264E100D284DA /* Base in Resources */,
			);
			runOnlyForDeploymentPostprocessing = 0;
		};
		38CEAA882DA264E200D284DA /* Resources */ = {
			isa = PBXResourcesBuildPhase;
			buildActionMask = 2147483647;
			files = (
			);
			runOnlyForDeploymentPostprocessing = 0;
		};
		38CEAA922DA264E200D284DA /* Resources */ = {
			isa = PBXResourcesBuildPhase;
			buildActionMask = 2147483647;
			files = (
			);
			runOnlyForDeploymentPostprocessing = 0;
		};
/* End PBXResourcesBuildPhase section */

/* Begin PBXSourcesBuildPhase section */
		38CEAA702DA264E100D284DA /* Sources */ = {
			isa = PBXSourcesBuildPhase;
			buildActionMask = 2147483647;
			files = (
				38CEAA7C2DA264E100D284DA /* ViewController.swift in Sources */,
				38CEAA782DA264E100D284DA /* AppDelegate.swift in Sources */,
				38CEAA7A2DA264E100D284DA /* SceneDelegate.swift in Sources */,
			);
			runOnlyForDeploymentPostprocessing = 0;
		};
		38CEAA862DA264E200D284DA /* Sources */ = {
			isa = PBXSourcesBuildPhase;
			buildActionMask = 2147483647;
			files = (
				38CEAA8F2DA264E200D284DA /* SwiftProgrammingTests.swift in Sources */,
			);
			runOnlyForDeploymentPostprocessing = 0;
		};
		38CEAA902DA264E200D284DA /* Sources */ = {
			isa = PBXSourcesBuildPhase;
			buildActionMask = 2147483647;
			files = (
				38CEAA9B2DA264E200D284DA /* SwiftProgrammingUITestsLaunchTests.swift in Sources */,
				38CEAA992DA264E200D284DA /* SwiftProgrammingUITests.swift in Sources */,
			);
			runOnlyForDeploymentPostprocessing = 0;
		};
/* End PBXSourcesBuildPhase section */

/* Begin PBXTargetDependency section */
		38CEAA8C2DA264E200D284DA /* PBXTargetDependency */ = {
			isa = PBXTargetDependency;
			target = 38CEAA732DA264E100D284DA /* SwiftProgramming */;
			targetProxy = 38CEAA8B2DA264E200D284DA /* PBXContainerItemProxy */;
		};
		38CEAA962DA264E200D284DA /* PBXTargetDependency */ = {
			isa = PBXTargetDependency;
			target = 38CEAA732DA264E100D284DA /* SwiftProgramming */;
			targetProxy = 38CEAA952DA264E200D284DA /* PBXContainerItemProxy */;
		};
/* End PBXTargetDependency section */

/* Begin PBXVariantGroup section */
		38CEAA7D2DA264E100D284DA /* Main.storyboard */ = {
			isa = PBXVariantGroup;
			children = (
				38CEAA7E2DA264E100D284DA /* Base */,
			);
			name = Main.storyboard;
			sourceTree = "<group>";
		};
		38CEAA822DA264E200D284DA /* LaunchScreen.storyboard */ = {
			isa = PBXVariantGroup;
			children = (
				38CEAA832DA264E200D284DA /* Base */,
			);
			name = LaunchScreen.storyboard;
			sourceTree = "<group>";
		};
/* End PBXVariantGroup section */

/* Begin XCBuildConfiguration section */
		38CEAA9C2DA264E200D284DA /* Debug */ = {
			isa = XCBuildConfiguration;
			buildSettings = {
				ALWAYS_SEARCH_USER_PATHS = NO;
				ASSETCATALOG_COMPILER_GENERATE_SWIFT_ASSET_SYMBOL_EXTENSIONS = YES;
				CLANG_ANALYZER_NONNULL = YES;
				CLANG_ANALYZER_NUMBER_OBJECT_CONVERSION = YES_AGGRESSIVE;
				CLANG_CXX_LANGUAGE_STANDARD = "gnu++20";
				CLANG_ENABLE_MODULES = YES;
				CLANG_ENABLE_OBJC_ARC = YES;
				CLANG_ENABLE_OBJC_WEAK = YES;
				CLANG_WARN_BLOCK_CAPTURE_AUTORELEASING = YES;
				CLANG_WARN_BOOL_CONVERSION = YES;
				CLANG_WARN_COMMA = YES;
				CLANG_WARN_CONSTANT_CONVERSION = YES;
				CLANG_WARN_DEPRECATED_OBJC_IMPLEMENTATIONS = YES;
				CLANG_WARN_DIRECT_OBJC_ISA_USAGE = YES_ERROR;
				CLANG_WARN_DOCUMENTATION_COMMENTS = YES;
				CLANG_WARN_EMPTY_BODY = YES;
				CLANG_WARN_ENUM_CONVERSION = YES;
				CLANG_WARN_INFINITE_RECURSION = YES;
				CLANG_WARN_INT_CONVERSION = YES;
				CLANG_WARN_NON_LITERAL_NULL_CONVERSION = YES;
				CLANG_WARN_OBJC_IMPLICIT_RETAIN_SELF = YES;
				CLANG_WARN_OBJC_LITERAL_CONVERSION = YES;
				CLANG_WARN_OBJC_ROOT_CLASS = YES_ERROR;
				CLANG_WARN_QUOTED_INCLUDE_IN_FRAMEWORK_HEADER = YES;
				CLANG_WARN_RANGE_LOOP_ANALYSIS = YES;
				CLANG_WARN_STRICT_PROTOTYPES = YES;
				CLANG_WARN_SUSPICIOUS_MOVE = YES;
				CLANG_WARN_UNGUARDED_AVAILABILITY = YES_AGGRESSIVE;
				CLANG_WARN_UNREACHABLE_CODE = YES;
				CLANG_WARN__DUPLICATE_METHOD_MATCH = YES;
				COPY_PHASE_STRIP = NO;
				DEBUG_INFORMATION_FORMAT = dwarf;
				ENABLE_STRICT_OBJC_MSGSEND = YES;
				ENABLE_TESTABILITY = YES;
				ENABLE_USER_SCRIPT_SANDBOXING = YES;
				GCC_C_LANGUAGE_STANDARD = gnu17;
				GCC_DYNAMIC_NO_PIC = NO;
				GCC_NO_COMMON_BLOCKS = YES;
				GCC_OPTIMIZATION_LEVEL = 0;
				GCC_PREPROCESSOR_DEFINITIONS = (
					"DEBUG=1",
					"$(inherited)",
				);
				GCC_WARN_64_TO_32_BIT_CONVERSION = YES;
				GCC_WARN_ABOUT_RETURN_TYPE = YES_ERROR;
				GCC_WARN_UNDECLARED_SELECTOR = YES;
				GCC_WARN_UNINITIALIZED_AUTOS = YES_AGGRESSIVE;
				GCC_WARN_UNUSED_FUNCTION = YES;
				GCC_WARN_UNUSED_VARIABLE = YES;
				IPHONEOS_DEPLOYMENT_TARGET = 17.5;
				LOCALIZATION_PREFERS_STRING_CATALOGS = YES;
				MTL_ENABLE_DEBUG_INFO = INCLUDE_SOURCE;
				MTL_FAST_MATH = YES;
				ONLY_ACTIVE_ARCH = YES;
				SDKROOT = iphoneos;
				SWIFT_ACTIVE_COMPILATION_CONDITIONS = "DEBUG $(inherited)";
				SWIFT_OPTIMIZATION_LEVEL = "-Onone";
			};
			name = Debug;
		};
		38CEAA9D2DA264E200D284DA /* Release */ = {
			isa = XCBuildConfiguration;
			buildSettings = {
				ALWAYS_SEARCH_USER_PATHS = NO;
				ASSETCATALOG_COMPILER_GENERATE_SWIFT_ASSET_SYMBOL_EXTENSIONS = YES;
				CLANG_ANALYZER_NONNULL = YES;
				CLANG_ANALYZER_NUMBER_OBJECT_CONVERSION = YES_AGGRESSIVE;
				CLANG_CXX_LANGUAGE_STANDARD = "gnu++20";
				CLANG_ENABLE_MODULES = YES;
				CLANG_ENABLE_OBJC_ARC = YES;
				CLANG_ENABLE_OBJC_WEAK = YES;
				CLANG_WARN_BLOCK_CAPTURE_AUTORELEASING = YES;
				CLANG_WARN_BOOL_CONVERSION = YES;
				CLANG_WARN_COMMA = YES;
				CLANG_WARN_CONSTANT_CONVERSION = YES;
				CLANG_WARN_DEPRECATED_OBJC_IMPLEMENTATIONS = YES;
				CLANG_WARN_DIRECT_OBJC_ISA_USAGE = YES_ERROR;
				CLANG_WARN_DOCUMENTATION_COMMENTS = YES;
				CLANG_WARN_EMPTY_BODY = YES;
				CLANG_WARN_ENUM_CONVERSION = YES;
				CLANG_WARN_INFINITE_RECURSION = YES;
				CLANG_WARN_INT_CONVERSION = YES;
				CLANG_WARN_NON_LITERAL_NULL_CONVERSION = YES;
				CLANG_WARN_OBJC_IMPLICIT_RETAIN_SELF = YES;
				CLANG_WARN_OBJC_LITERAL_CONVERSION = YES;
				CLANG_WARN_OBJC_ROOT_CLASS = YES_ERROR;
				CLANG_WARN_QUOTED_INCLUDE_IN_FRAMEWORK_HEADER = YES;
				CLANG_WARN_RANGE_LOOP_ANALYSIS = YES;
				CLANG_WARN_STRICT_PROTOTYPES = YES;
				CLANG_WARN_SUSPICIOUS_MOVE = YES;
				CLANG_WARN_UNGUARDED_AVAILABILITY = YES_AGGRESSIVE;
				CLANG_WARN_UNREACHABLE_CODE = YES;
				CLANG_WARN__DUPLICATE_METHOD_MATCH = YES;
				COPY_PHASE_STRIP = NO;
				DEBUG_INFORMATION_FORMAT = "dwarf-with-dsym";
				ENABLE_NS_ASSERTIONS = NO;
				ENABLE_STRICT_OBJC_MSGSEND = YES;
				ENABLE_USER_SCRIPT_SANDBOXING = YES;
				GCC_C_LANGUAGE_STANDARD = gnu17;
				GCC_NO_COMMON_BLOCKS = YES;
				GCC_WARN_64_TO_32_BIT_CONVERSION = YES;
				GCC_WARN_ABOUT_RETURN_TYPE = YES_ERROR;
				GCC_WARN_UNDECLARED_SELECTOR = YES;
				GCC_WARN_UNINITIALIZED_AUTOS = YES_AGGRESSIVE;
				GCC_WARN_UNUSED_FUNCTION = YES;
				GCC_WARN_UNUSED_VARIABLE = YES;
				IPHONEOS_DEPLOYMENT_TARGET = 17.5;
				LOCALIZATION_PREFERS_STRING_CATALOGS = YES;
				MTL_ENABLE_DEBUG_INFO = NO;
				MTL_FAST_MATH = YES;
				SDKROOT = iphoneos;
				SWIFT_COMPILATION_MODE = wholemodule;
				VALIDATE_PRODUCT = YES;
			};
			name = Release;
		};
		38CEAA9F2DA264E200D284DA /* Debug */ = {
			isa = XCBuildConfiguration;
			buildSettings = {
				ASSETCATALOG_COMPILER_APPICON_NAME = AppIcon;
				ASSETCATALOG_COMPILER_GLOBAL_ACCENT_COLOR_NAME = AccentColor;
				CODE_SIGN_STYLE = Automatic;
				CURRENT_PROJECT_VERSION = 1;
				GENERATE_INFOPLIST_FILE = YES;
				INFOPLIST_FILE = SwiftProgramming/Info.plist;
				INFOPLIST_KEY_UIApplicationSupportsIndirectInputEvents = YES;
				INFOPLIST_KEY_UILaunchStoryboardName = LaunchScreen;
				INFOPLIST_KEY_UIMainStoryboardFile = Main;
				INFOPLIST_KEY_UISupportedInterfaceOrientations_iPad = "UIInterfaceOrientationPortrait UIInterfaceOrientationPortraitUpsideDown UIInterfaceOrientationLandscapeLeft UIInterfaceOrientationLandscapeRight";
				INFOPLIST_KEY_UISupportedInterfaceOrientations_iPhone = "UIInterfaceOrientationPortrait UIInterfaceOrientationLandscapeLeft UIInterfaceOrientationLandscapeRight";
				LD_RUNPATH_SEARCH_PATHS = (
					"$(inherited)",
					"@executable_path/Frameworks",
				);
				MARKETING_VERSION = 1.0;
				PRODUCT_BUNDLE_IDENTIFIER = com.codersmobile.SwiftProgramming;
				PRODUCT_NAME = "$(TARGET_NAME)";
				SWIFT_EMIT_LOC_STRINGS = YES;
				SWIFT_VERSION = 5.0;
				TARGETED_DEVICE_FAMILY = "1,2";
			};
			name = Debug;
		};
		38CEAAA02DA264E200D284DA /* Release */ = {
			isa = XCBuildConfiguration;
			buildSettings = {
				ASSETCATALOG_COMPILER_APPICON_NAME = AppIcon;
				ASSETCATALOG_COMPILER_GLOBAL_ACCENT_COLOR_NAME = AccentColor;
				CODE_SIGN_STYLE = Automatic;
				CURRENT_PROJECT_VERSION = 1;
				GENERATE_INFOPLIST_FILE = YES;
				INFOPLIST_FILE = SwiftProgramming/Info.plist;
				INFOPLIST_KEY_UIApplicationSupportsIndirectInputEvents = YES;
				INFOPLIST_KEY_UILaunchStoryboardName = LaunchScreen;
				INFOPLIST_KEY_UIMainStoryboardFile = Main;
				INFOPLIST_KEY_UISupportedInterfaceOrientations_iPad = "UIInterfaceOrientationPortrait UIInterfaceOrientationPortraitUpsideDown UIInterfaceOrientationLandscapeLeft UIInterfaceOrientationLandscapeRight";
				INFOPLIST_KEY_UISupportedInterfaceOrientations_iPhone = "UIInterfaceOrientationPortrait UIInterfaceOrientationLandscapeLeft UIInterfaceOrientationLandscapeRight";
				LD_RUNPATH_SEARCH_PATHS = (
					"$(inherited)",
					"@executable_path/Frameworks",
				);
				MARKETING_VERSION = 1.0;
				PRODUCT_BUNDLE_IDENTIFIER = com.codersmobile.SwiftProgramming;
				PRODUCT_NAME = "$(TARGET_NAME)";
				SWIFT_EMIT_LOC_STRINGS = YES;
				SWIFT_VERSION = 5.0;
				TARGETED_DEVICE_FAMILY = "1,2";
			};
			name = Release;
		};
		38CEAAA22DA264E200D284DA /* Debug */ = {
			isa = XCBuildConfiguration;
			buildSettings = {
				ALWAYS_EMBED_SWIFT_STANDARD_LIBRARIES = YES;
				BUNDLE_LOADER = "$(TEST_HOST)";
				CODE_SIGN_STYLE = Automatic;
				CURRENT_PROJECT_VERSION = 1;
				GENERATE_INFOPLIST_FILE = YES;
				IPHONEOS_DEPLOYMENT_TARGET = 17.5;
				MARKETING_VERSION = 1.0;
				PRODUCT_BUNDLE_IDENTIFIER = com.codersmobile.SwiftProgrammingTests;
				PRODUCT_NAME = "$(TARGET_NAME)";
				SWIFT_EMIT_LOC_STRINGS = NO;
				SWIFT_VERSION = 5.0;
				TARGETED_DEVICE_FAMILY = "1,2";
				TEST_HOST = "$(BUILT_PRODUCTS_DIR)/SwiftProgramming.app/$(BUNDLE_EXECUTABLE_FOLDER_PATH)/SwiftProgramming";
			};
			name = Debug;
		};
		38CEAAA32DA264E200D284DA /* Release */ = {
			isa = XCBuildConfiguration;
			buildSettings = {
				ALWAYS_EMBED_SWIFT_STANDARD_LIBRARIES = YES;
				BUNDLE_LOADER = "$(TEST_HOST)";
				CODE_SIGN_STYLE = Automatic;
				CURRENT_PROJECT_VERSION = 1;
				GENERATE_INFOPLIST_FILE = YES;
				IPHONEOS_DEPLOYMENT_TARGET = 17.5;
				MARKETING_VERSION = 1.0;
				PRODUCT_BUNDLE_IDENTIFIER = com.codersmobile.SwiftProgrammingTests;
				PRODUCT_NAME = "$(TARGET_NAME)";
				SWIFT_EMIT_LOC_STRINGS = NO;
				SWIFT_VERSION = 5.0;
				TARGETED_DEVICE_FAMILY = "1,2";
				TEST_HOST = "$(BUILT_PRODUCTS_DIR)/SwiftProgramming.app/$(BUNDLE_EXECUTABLE_FOLDER_PATH)/SwiftProgramming";
			};
			name = Release;
		};
		38CEAAA52DA264E200D284DA /* Debug */ = {
			isa = XCBuildConfiguration;
			buildSettings = {
				ALWAYS_EMBED_SWIFT_STANDARD_LIBRARIES = YES;
				CODE_SIGN_STYLE = Automatic;
				CURRENT_PROJECT_VERSION = 1;
				GENERATE_INFOPLIST_FILE = YES;
				MARKETING_VERSION = 1.0;
				PRODUCT_BUNDLE_IDENTIFIER = com.codersmobile.SwiftProgrammingUITests;
				PRODUCT_NAME = "$(TARGET_NAME)";
				SWIFT_EMIT_LOC_STRINGS = NO;
				SWIFT_VERSION = 5.0;
				TARGETED_DEVICE_FAMILY = "1,2";
				TEST_TARGET_NAME = SwiftProgramming;
			};
			name = Debug;
		};
		38CEAAA62DA264E200D284DA /* Release */ = {
			isa = XCBuildConfiguration;
			buildSettings = {
				ALWAYS_EMBED_SWIFT_STANDARD_LIBRARIES = YES;
				CODE_SIGN_STYLE = Automatic;
				CURRENT_PROJECT_VERSION = 1;
				GENERATE_INFOPLIST_FILE = YES;
				MARKETING_VERSION = 1.0;
				PRODUCT_BUNDLE_IDENTIFIER = com.codersmobile.SwiftProgrammingUITests;
				PRODUCT_NAME = "$(TARGET_NAME)";
				SWIFT_EMIT_LOC_STRINGS = NO;
				SWIFT_VERSION = 5.0;
				TARGETED_DEVICE_FAMILY = "1,2";
				TEST_TARGET_NAME = SwiftProgramming;
			};
			name = Release;
		};
/* End XCBuildConfiguration section */

/* Begin XCConfigurationList section */
		38CEAA6F2DA264E100D284DA /* Build configuration list for PBXProject "SwiftProgramming" */ = {
			isa = XCConfigurationList;
			buildConfigurations = (
				38CEAA9C2DA264E200D284DA /* Debug */,
				38CEAA9D2DA264E200D284DA /* Release */,
			);
			defaultConfigurationIsVisible = 0;
			defaultConfigurationName = Release;
		};
		38CEAA9E2DA264E200D284DA /* Build configuration list for PBXNativeTarget "SwiftProgramming" */ = {
			isa = XCConfigurationList;
			buildConfigurations = (
				38CEAA9F2DA264E200D284DA /* Debug */,
				38CEAAA02DA264E200D284DA /* Release */,
			);
			defaultConfigurationIsVisible = 0;
			defaultConfigurationName = Release;
		};
		38CEAAA12DA264E200D284DA /* Build configuration list for PBXNativeTarget "SwiftProgrammingTests" */ = {
			isa = XCConfigurationList;
			buildConfigurations = (
				38CEAAA22DA264E200D284DA /* Debug */,
				38CEAAA32DA264E200D284DA /* Release */,
			);
			defaultConfigurationIsVisible = 0;
			defaultConfigurationName = Release;
		};
		38CEAAA42DA264E200D284DA /* Build configuration list for PBXNativeTarget "SwiftProgrammingUITests" */ = {
			isa = XCConfigurationList;
			buildConfigurations = (
				38CEAAA52DA264E200D284DA /* Debug */,
				38CEAAA62DA264E200D284DA /* Release */,
			);
			defaultConfigurationIsVisible = 0;
			defaultConfigurationName = Release;
		};
/* End XCConfigurationList section */
	};
	rootObject = 38CEAA6C2DA264E100D284DA /* Project object */;
}
