// !$*UTF8*$!
{
	archiveVersion = 1;
	classes = {
	};
	objectVersion = 56;
	objects = {

/* Begin PBXBuildFile section */
		38D6BE4A2DC34DC000BA4D4B /* SwiftPracticeBootcampApp.swift in Sources */ = {isa = PBXBuildFile; fileRef = 38D6BE492DC34DC000BA4D4B /* SwiftPracticeBootcampApp.swift */; };
		38D6BE4C2DC34DC000BA4D4B /* ContentView.swift in Sources */ = {isa = PBXBuildFile; fileRef = 38D6BE4B2DC34DC000BA4D4B /* ContentView.swift */; };
		38D6BE4E2DC34DC100BA4D4B /* Assets.xcassets in Resources */ = {isa = PBXBuildFile; fileRef = 38D6BE4D2DC34DC100BA4D4B /* Assets.xcassets */; };
		38D6BE512DC34DC100BA4D4B /* Preview Assets.xcassets in Resources */ = {isa = PBXBuildFile; fileRef = 38D6BE502DC34DC100BA4D4B /* Preview Assets.xcassets */; };
		38D6BE5B2DC34DC100BA4D4B /* SwiftPracticeBootcampTests.swift in Sources */ = {isa = PBXBuildFile; fileRef = 38D6BE5A2DC34DC100BA4D4B /* SwiftPracticeBootcampTests.swift */; };
		38D6BE652DC34DC100BA4D4B /* SwiftPracticeBootcampUITests.swift in Sources */ = {isa = PBXBuildFile; fileRef = 38D6BE642DC34DC100BA4D4B /* SwiftPracticeBootcampUITests.swift */; };
		38D6BE672DC34DC100BA4D4B /* SwiftPracticeBootcampUITestsLaunchTests.swift in Sources */ = {isa = PBXBuildFile; fileRef = 38D6BE662DC34DC100BA4D4B /* SwiftPracticeBootcampUITestsLaunchTests.swift */; };
/* End PBXBuildFile section */

/* Begin PBXContainerItemProxy section */
		38D6BE572DC34DC100BA4D4B /* PBXContainerItemProxy */ = {
			isa = PBXContainerItemProxy;
			containerPortal = 38D6BE3E2DC34DC000BA4D4B /* Project object */;
			proxyType = 1;
			remoteGlobalIDString = 38D6BE452DC34DC000BA4D4B;
			remoteInfo = SwiftPracticeBootcamp;
		};
		38D6BE612DC34DC100BA4D4B /* PBXContainerItemProxy */ = {
			isa = PBXContainerItemProxy;
			containerPortal = 38D6BE3E2DC34DC000BA4D4B /* Project object */;
			proxyType = 1;
			remoteGlobalIDString = 38D6BE452DC34DC000BA4D4B;
			remoteInfo = SwiftPracticeBootcamp;
		};
/* End PBXContainerItemProxy section */

/* Begin PBXFileReference section */
		38D6BE462DC34DC000BA4D4B /* SwiftPracticeBootcamp.app */ = {isa = PBXFileReference; explicitFileType = wrapper.application; includeInIndex = 0; path = SwiftPracticeBootcamp.app; sourceTree = BUILT_PRODUCTS_DIR; };
		38D6BE492DC34DC000BA4D4B /* SwiftPracticeBootcampApp.swift */ = {isa = PBXFileReference; lastKnownFileType = sourcecode.swift; path = SwiftPracticeBootcampApp.swift; sourceTree = "<group>"; };
		38D6BE4B2DC34DC000BA4D4B /* ContentView.swift */ = {isa = PBXFileReference; lastKnownFileType = sourcecode.swift; path = ContentView.swift; sourceTree = "<group>"; };
		38D6BE4D2DC34DC100BA4D4B /* Assets.xcassets */ = {isa = PBXFileReference; lastKnownFileType = folder.assetcatalog; path = Assets.xcassets; sourceTree = "<group>"; };
		38D6BE502DC34DC100BA4D4B /* Preview Assets.xcassets */ = {isa = PBXFileReference; lastKnownFileType = folder.assetcatalog; path = "Preview Assets.xcassets"; sourceTree = "<group>"; };
		38D6BE562DC34DC100BA4D4B /* SwiftPracticeBootcampTests.xctest */ = {isa = PBXFileReference; explicitFileType = wrapper.cfbundle; includeInIndex = 0; path = SwiftPracticeBootcampTests.xctest; sourceTree = BUILT_PRODUCTS_DIR; };
		38D6BE5A2DC34DC100BA4D4B /* SwiftPracticeBootcampTests.swift */ = {isa = PBXFileReference; lastKnownFileType = sourcecode.swift; path = SwiftPracticeBootcampTests.swift; sourceTree = "<group>"; };
		38D6BE602DC34DC100BA4D4B /* SwiftPracticeBootcampUITests.xctest */ = {isa = PBXFileReference; explicitFileType = wrapper.cfbundle; includeInIndex = 0; path = SwiftPracticeBootcampUITests.xctest; sourceTree = BUILT_PRODUCTS_DIR; };
		38D6BE642DC34DC100BA4D4B /* SwiftPracticeBootcampUITests.swift */ = {isa = PBXFileReference; lastKnownFileType = sourcecode.swift; path = SwiftPracticeBootcampUITests.swift; sourceTree = "<group>"; };
		38D6BE662DC34DC100BA4D4B /* SwiftPracticeBootcampUITestsLaunchTests.swift */ = {isa = PBXFileReference; lastKnownFileType = sourcecode.swift; path = SwiftPracticeBootcampUITestsLaunchTests.swift; sourceTree = "<group>"; };
/* End PBXFileReference section */

/* Begin PBXFrameworksBuildPhase section */
		38D6BE432DC34DC000BA4D4B /* Frameworks */ = {
			isa = PBXFrameworksBuildPhase;
			buildActionMask = 2147483647;
			files = (
			);
			runOnlyForDeploymentPostprocessing = 0;
		};
		38D6BE532DC34DC100BA4D4B /* Frameworks */ = {
			isa = PBXFrameworksBuildPhase;
			buildActionMask = 2147483647;
			files = (
			);
			runOnlyForDeploymentPostprocessing = 0;
		};
		38D6BE5D2DC34DC100BA4D4B /* Frameworks */ = {
			isa = PBXFrameworksBuildPhase;
			buildActionMask = 2147483647;
			files = (
			);
			runOnlyForDeploymentPostprocessing = 0;
		};
/* End PBXFrameworksBuildPhase section */

/* Begin PBXGroup section */
		38D6BE3D2DC34DC000BA4D4B = {
			isa = PBXGroup;
			children = (
				38D6BE482DC34DC000BA4D4B /* SwiftPracticeBootcamp */,
				38D6BE592DC34DC100BA4D4B /* SwiftPracticeBootcampTests */,
				38D6BE632DC34DC100BA4D4B /* SwiftPracticeBootcampUITests */,
				38D6BE472DC34DC000BA4D4B /* Products */,
			);
			sourceTree = "<group>";
		};
		38D6BE472DC34DC000BA4D4B /* Products */ = {
			isa = PBXGroup;
			children = (
				38D6BE462DC34DC000BA4D4B /* SwiftPracticeBootcamp.app */,
				38D6BE562DC34DC100BA4D4B /* SwiftPracticeBootcampTests.xctest */,
				38D6BE602DC34DC100BA4D4B /* SwiftPracticeBootcampUITests.xctest */,
			);
			name = Products;
			sourceTree = "<group>";
		};
		38D6BE482DC34DC000BA4D4B /* SwiftPracticeBootcamp */ = {
			isa = PBXGroup;
			children = (
				38D6BE492DC34DC000BA4D4B /* SwiftPracticeBootcampApp.swift */,
				38D6BE4B2DC34DC000BA4D4B /* ContentView.swift */,
				38D6BE4D2DC34DC100BA4D4B /* Assets.xcassets */,
				38D6BE4F2DC34DC100BA4D4B /* Preview Content */,
			);
			path = SwiftPracticeBootcamp;
			sourceTree = "<group>";
		};
		38D6BE4F2DC34DC100BA4D4B /* Preview Content */ = {
			isa = PBXGroup;
			children = (
				38D6BE502DC34DC100BA4D4B /* Preview Assets.xcassets */,
			);
			path = "Preview Content";
			sourceTree = "<group>";
		};
		38D6BE592DC34DC100BA4D4B /* SwiftPracticeBootcampTests */ = {
			isa = PBXGroup;
			children = (
				38D6BE5A2DC34DC100BA4D4B /* SwiftPracticeBootcampTests.swift */,
			);
			path = SwiftPracticeBootcampTests;
			sourceTree = "<group>";
		};
		38D6BE632DC34DC100BA4D4B /* SwiftPracticeBootcampUITests */ = {
			isa = PBXGroup;
			children = (
				38D6BE642DC34DC100BA4D4B /* SwiftPracticeBootcampUITests.swift */,
				38D6BE662DC34DC100BA4D4B /* SwiftPracticeBootcampUITestsLaunchTests.swift */,
			);
			path = SwiftPracticeBootcampUITests;
			sourceTree = "<group>";
		};
/* End PBXGroup section */

/* Begin PBXNativeTarget section */
		38D6BE452DC34DC000BA4D4B /* SwiftPracticeBootcamp */ = {
			isa = PBXNativeTarget;
			buildConfigurationList = 38D6BE6A2DC34DC100BA4D4B /* Build configuration list for PBXNativeTarget "SwiftPracticeBootcamp" */;
			buildPhases = (
				38D6BE422DC34DC000BA4D4B /* Sources */,
				38D6BE432DC34DC000BA4D4B /* Frameworks */,
				38D6BE442DC34DC000BA4D4B /* Resources */,
			);
			buildRules = (
			);
			dependencies = (
			);
			name = SwiftPracticeBootcamp;
			productName = SwiftPracticeBootcamp;
			productReference = 38D6BE462DC34DC000BA4D4B /* SwiftPracticeBootcamp.app */;
			productType = "com.apple.product-type.application";
		};
		38D6BE552DC34DC100BA4D4B /* SwiftPracticeBootcampTests */ = {
			isa = PBXNativeTarget;
			buildConfigurationList = 38D6BE6D2DC34DC100BA4D4B /* Build configuration list for PBXNativeTarget "SwiftPracticeBootcampTests" */;
			buildPhases = (
				38D6BE522DC34DC100BA4D4B /* Sources */,
				38D6BE532DC34DC100BA4D4B /* Frameworks */,
				38D6BE542DC34DC100BA4D4B /* Resources */,
			);
			buildRules = (
			);
			dependencies = (
				38D6BE582DC34DC100BA4D4B /* PBXTargetDependency */,
			);
			name = SwiftPracticeBootcampTests;
			productName = SwiftPracticeBootcampTests;
			productReference = 38D6BE562DC34DC100BA4D4B /* SwiftPracticeBootcampTests.xctest */;
			productType = "com.apple.product-type.bundle.unit-test";
		};
		38D6BE5F2DC34DC100BA4D4B /* SwiftPracticeBootcampUITests */ = {
			isa = PBXNativeTarget;
			buildConfigurationList = 38D6BE702DC34DC100BA4D4B /* Build configuration list for PBXNativeTarget "SwiftPracticeBootcampUITests" */;
			buildPhases = (
				38D6BE5C2DC34DC100BA4D4B /* Sources */,
				38D6BE5D2DC34DC100BA4D4B /* Frameworks */,
				38D6BE5E2DC34DC100BA4D4B /* Resources */,
			);
			buildRules = (
			);
			dependencies = (
				38D6BE622DC34DC100BA4D4B /* PBXTargetDependency */,
			);
			name = SwiftPracticeBootcampUITests;
			productName = SwiftPracticeBootcampUITests;
			productReference = 38D6BE602DC34DC100BA4D4B /* SwiftPracticeBootcampUITests.xctest */;
			productType = "com.apple.product-type.bundle.ui-testing";
		};
/* End PBXNativeTarget section */

/* Begin PBXProject section */
		38D6BE3E2DC34DC000BA4D4B /* Project object */ = {
			isa = PBXProject;
			attributes = {
				BuildIndependentTargetsInParallel = 1;
				LastSwiftUpdateCheck = 1540;
				LastUpgradeCheck = 1540;
				TargetAttributes = {
					38D6BE452DC34DC000BA4D4B = {
						CreatedOnToolsVersion = 15.4;
					};
					38D6BE552DC34DC100BA4D4B = {
						CreatedOnToolsVersion = 15.4;
						TestTargetID = 38D6BE452DC34DC000BA4D4B;
					};
					38D6BE5F2DC34DC100BA4D4B = {
						CreatedOnToolsVersion = 15.4;
						TestTargetID = 38D6BE452DC34DC000BA4D4B;
					};
				};
			};
			buildConfigurationList = 38D6BE412DC34DC000BA4D4B /* Build configuration list for PBXProject "SwiftPracticeBootcamp" */;
			compatibilityVersion = "Xcode 14.0";
			developmentRegion = en;
			hasScannedForEncodings = 0;
			knownRegions = (
				en,
				Base,
			);
			mainGroup = 38D6BE3D2DC34DC000BA4D4B;
			productRefGroup = 38D6BE472DC34DC000BA4D4B /* Products */;
			projectDirPath = "";
			projectRoot = "";
			targets = (
				38D6BE452DC34DC000BA4D4B /* SwiftPracticeBootcamp */,
				38D6BE552DC34DC100BA4D4B /* SwiftPracticeBootcampTests */,
				38D6BE5F2DC34DC100BA4D4B /* SwiftPracticeBootcampUITests */,
			);
		};
/* End PBXProject section */

/* Begin PBXResourcesBuildPhase section */
		38D6BE442DC34DC000BA4D4B /* Resources */ = {
			isa = PBXResourcesBuildPhase;
			buildActionMask = 2147483647;
			files = (
				38D6BE512DC34DC100BA4D4B /* Preview Assets.xcassets in Resources */,
				38D6BE4E2DC34DC100BA4D4B /* Assets.xcassets in Resources */,
			);
			runOnlyForDeploymentPostprocessing = 0;
		};
		38D6BE542DC34DC100BA4D4B /* Resources */ = {
			isa = PBXResourcesBuildPhase;
			buildActionMask = 2147483647;
			files = (
			);
			runOnlyForDeploymentPostprocessing = 0;
		};
		38D6BE5E2DC34DC100BA4D4B /* Resources */ = {
			isa = PBXResourcesBuildPhase;
			buildActionMask = 2147483647;
			files = (
			);
			runOnlyForDeploymentPostprocessing = 0;
		};
/* End PBXResourcesBuildPhase section */

/* Begin PBXSourcesBuildPhase section */
		38D6BE422DC34DC000BA4D4B /* Sources */ = {
			isa = PBXSourcesBuildPhase;
			buildActionMask = 2147483647;
			files = (
				38D6BE4C2DC34DC000BA4D4B /* ContentView.swift in Sources */,
				38D6BE4A2DC34DC000BA4D4B /* SwiftPracticeBootcampApp.swift in Sources */,
			);
			runOnlyForDeploymentPostprocessing = 0;
		};
		38D6BE522DC34DC100BA4D4B /* Sources */ = {
			isa = PBXSourcesBuildPhase;
			buildActionMask = 2147483647;
			files = (
				38D6BE5B2DC34DC100BA4D4B /* SwiftPracticeBootcampTests.swift in Sources */,
			);
			runOnlyForDeploymentPostprocessing = 0;
		};
		38D6BE5C2DC34DC100BA4D4B /* Sources */ = {
			isa = PBXSourcesBuildPhase;
			buildActionMask = 2147483647;
			files = (
				38D6BE672DC34DC100BA4D4B /* SwiftPracticeBootcampUITestsLaunchTests.swift in Sources */,
				38D6BE652DC34DC100BA4D4B /* SwiftPracticeBootcampUITests.swift in Sources */,
			);
			runOnlyForDeploymentPostprocessing = 0;
		};
/* End PBXSourcesBuildPhase section */

/* Begin PBXTargetDependency section */
		38D6BE582DC34DC100BA4D4B /* PBXTargetDependency */ = {
			isa = PBXTargetDependency;
			target = 38D6BE452DC34DC000BA4D4B /* SwiftPracticeBootcamp */;
			targetProxy = 38D6BE572DC34DC100BA4D4B /* PBXContainerItemProxy */;
		};
		38D6BE622DC34DC100BA4D4B /* PBXTargetDependency */ = {
			isa = PBXTargetDependency;
			target = 38D6BE452DC34DC000BA4D4B /* SwiftPracticeBootcamp */;
			targetProxy = 38D6BE612DC34DC100BA4D4B /* PBXContainerItemProxy */;
		};
/* End PBXTargetDependency section */

/* Begin XCBuildConfiguration section */
		38D6BE682DC34DC100BA4D4B /* Debug */ = {
			isa = XCBuildConfiguration;
			buildSettings = {
				ALWAYS_SEARCH_USER_PATHS = NO;
				ASSETCATALOG_COMPILER_GENERATE_SWIFT_ASSET_SYMBOL_EXTENSIONS = YES;
				CLANG_ANALYZER_NONNULL = YES;
				CLANG_ANALYZER_NUMBER_OBJECT_CONVERSION = YES_AGGRESSIVE;
				CLANG_CXX_LANGUAGE_STANDARD = "gnu++20";
				CLANG_ENABLE_MODULES = YES;
				CLANG_ENABLE_OBJC_ARC = YES;
				CLANG_ENABLE_OBJC_WEAK = YES;
				CLANG_WARN_BLOCK_CAPTURE_AUTORELEASING = YES;
				CLANG_WARN_BOOL_CONVERSION = YES;
				CLANG_WARN_COMMA = YES;
				CLANG_WARN_CONSTANT_CONVERSION = YES;
				CLANG_WARN_DEPRECATED_OBJC_IMPLEMENTATIONS = YES;
				CLANG_WARN_DIRECT_OBJC_ISA_USAGE = YES_ERROR;
				CLANG_WARN_DOCUMENTATION_COMMENTS = YES;
				CLANG_WARN_EMPTY_BODY = YES;
				CLANG_WARN_ENUM_CONVERSION = YES;
				CLANG_WARN_INFINITE_RECURSION = YES;
				CLANG_WARN_INT_CONVERSION = YES;
				CLANG_WARN_NON_LITERAL_NULL_CONVERSION = YES;
				CLANG_WARN_OBJC_IMPLICIT_RETAIN_SELF = YES;
				CLANG_WARN_OBJC_LITERAL_CONVERSION = YES;
				CLANG_WARN_OBJC_ROOT_CLASS = YES_ERROR;
				CLANG_WARN_QUOTED_INCLUDE_IN_FRAMEWORK_HEADER = YES;
				CLANG_WARN_RANGE_LOOP_ANALYSIS = YES;
				CLANG_WARN_STRICT_PROTOTYPES = YES;
				CLANG_WARN_SUSPICIOUS_MOVE = YES;
				CLANG_WARN_UNGUARDED_AVAILABILITY = YES_AGGRESSIVE;
				CLANG_WARN_UNREACHABLE_CODE = YES;
				CLANG_WARN__DUPLICATE_METHOD_MATCH = YES;
				COPY_PHASE_STRIP = NO;
				DEBUG_INFORMATION_FORMAT = dwarf;
				ENABLE_STRICT_OBJC_MSGSEND = YES;
				ENABLE_TESTABILITY = YES;
				ENABLE_USER_SCRIPT_SANDBOXING = YES;
				GCC_C_LANGUAGE_STANDARD = gnu17;
				GCC_DYNAMIC_NO_PIC = NO;
				GCC_NO_COMMON_BLOCKS = YES;
				GCC_OPTIMIZATION_LEVEL = 0;
				GCC_PREPROCESSOR_DEFINITIONS = (
					"DEBUG=1",
					"$(inherited)",
				);
				GCC_WARN_64_TO_32_BIT_CONVERSION = YES;
				GCC_WARN_ABOUT_RETURN_TYPE = YES_ERROR;
				GCC_WARN_UNDECLARED_SELECTOR = YES;
				GCC_WARN_UNINITIALIZED_AUTOS = YES_AGGRESSIVE;
				GCC_WARN_UNUSED_FUNCTION = YES;
				GCC_WARN_UNUSED_VARIABLE = YES;
				IPHONEOS_DEPLOYMENT_TARGET = 17.5;
				LOCALIZATION_PREFERS_STRING_CATALOGS = YES;
				MTL_ENABLE_DEBUG_INFO = INCLUDE_SOURCE;
				MTL_FAST_MATH = YES;
				ONLY_ACTIVE_ARCH = YES;
				SDKROOT = iphoneos;
				SWIFT_ACTIVE_COMPILATION_CONDITIONS = "DEBUG $(inherited)";
				SWIFT_OPTIMIZATION_LEVEL = "-Onone";
			};
			name = Debug;
		};
		38D6BE692DC34DC100BA4D4B /* Release */ = {
			isa = XCBuildConfiguration;
			buildSettings = {
				ALWAYS_SEARCH_USER_PATHS = NO;
				ASSETCATALOG_COMPILER_GENERATE_SWIFT_ASSET_SYMBOL_EXTENSIONS = YES;
				CLANG_ANALYZER_NONNULL = YES;
				CLANG_ANALYZER_NUMBER_OBJECT_CONVERSION = YES_AGGRESSIVE;
				CLANG_CXX_LANGUAGE_STANDARD = "gnu++20";
				CLANG_ENABLE_MODULES = YES;
				CLANG_ENABLE_OBJC_ARC = YES;
				CLANG_ENABLE_OBJC_WEAK = YES;
				CLANG_WARN_BLOCK_CAPTURE_AUTORELEASING = YES;
				CLANG_WARN_BOOL_CONVERSION = YES;
				CLANG_WARN_COMMA = YES;
				CLANG_WARN_CONSTANT_CONVERSION = YES;
				CLANG_WARN_DEPRECATED_OBJC_IMPLEMENTATIONS = YES;
				CLANG_WARN_DIRECT_OBJC_ISA_USAGE = YES_ERROR;
				CLANG_WARN_DOCUMENTATION_COMMENTS = YES;
				CLANG_WARN_EMPTY_BODY = YES;
				CLANG_WARN_ENUM_CONVERSION = YES;
				CLANG_WARN_INFINITE_RECURSION = YES;
				CLANG_WARN_INT_CONVERSION = YES;
				CLANG_WARN_NON_LITERAL_NULL_CONVERSION = YES;
				CLANG_WARN_OBJC_IMPLICIT_RETAIN_SELF = YES;
				CLANG_WARN_OBJC_LITERAL_CONVERSION = YES;
				CLANG_WARN_OBJC_ROOT_CLASS = YES_ERROR;
				CLANG_WARN_QUOTED_INCLUDE_IN_FRAMEWORK_HEADER = YES;
				CLANG_WARN_RANGE_LOOP_ANALYSIS = YES;
				CLANG_WARN_STRICT_PROTOTYPES = YES;
				CLANG_WARN_SUSPICIOUS_MOVE = YES;
				CLANG_WARN_UNGUARDED_AVAILABILITY = YES_AGGRESSIVE;
				CLANG_WARN_UNREACHABLE_CODE = YES;
				CLANG_WARN__DUPLICATE_METHOD_MATCH = YES;
				COPY_PHASE_STRIP = NO;
				DEBUG_INFORMATION_FORMAT = "dwarf-with-dsym";
				ENABLE_NS_ASSERTIONS = NO;
				ENABLE_STRICT_OBJC_MSGSEND = YES;
				ENABLE_USER_SCRIPT_SANDBOXING = YES;
				GCC_C_LANGUAGE_STANDARD = gnu17;
				GCC_NO_COMMON_BLOCKS = YES;
				GCC_WARN_64_TO_32_BIT_CONVERSION = YES;
				GCC_WARN_ABOUT_RETURN_TYPE = YES_ERROR;
				GCC_WARN_UNDECLARED_SELECTOR = YES;
				GCC_WARN_UNINITIALIZED_AUTOS = YES_AGGRESSIVE;
				GCC_WARN_UNUSED_FUNCTION = YES;
				GCC_WARN_UNUSED_VARIABLE = YES;
				IPHONEOS_DEPLOYMENT_TARGET = 17.5;
				LOCALIZATION_PREFERS_STRING_CATALOGS = YES;
				MTL_ENABLE_DEBUG_INFO = NO;
				MTL_FAST_MATH = YES;
				SDKROOT = iphoneos;
				SWIFT_COMPILATION_MODE = wholemodule;
				VALIDATE_PRODUCT = YES;
			};
			name = Release;
		};
		38D6BE6B2DC34DC100BA4D4B /* Debug */ = {
			isa = XCBuildConfiguration;
			buildSettings = {
				ASSETCATALOG_COMPILER_APPICON_NAME = AppIcon;
				ASSETCATALOG_COMPILER_GLOBAL_ACCENT_COLOR_NAME = AccentColor;
				CODE_SIGN_STYLE = Automatic;
				CURRENT_PROJECT_VERSION = 1;
				DEVELOPMENT_ASSET_PATHS = "\"SwiftPracticeBootcamp/Preview Content\"";
				ENABLE_PREVIEWS = YES;
				GENERATE_INFOPLIST_FILE = YES;
				INFOPLIST_KEY_CFBundleDisplayName = Bootcamp;
				INFOPLIST_KEY_UIApplicationSceneManifest_Generation = YES;
				INFOPLIST_KEY_UIApplicationSupportsIndirectInputEvents = YES;
				INFOPLIST_KEY_UILaunchScreen_Generation = YES;
				INFOPLIST_KEY_UISupportedInterfaceOrientations = "UIInterfaceOrientationLandscapeLeft UIInterfaceOrientationLandscapeRight UIInterfaceOrientationPortrait";
				INFOPLIST_KEY_UISupportedInterfaceOrientations_iPad = "UIInterfaceOrientationLandscapeLeft UIInterfaceOrientationLandscapeRight UIInterfaceOrientationPortrait UIInterfaceOrientationPortraitUpsideDown";
				IPHONEOS_DEPLOYMENT_TARGET = 17.5;
				LD_RUNPATH_SEARCH_PATHS = (
					"$(inherited)",
					"@executable_path/Frameworks",
				);
				MARKETING_VERSION = 1.0;
				PRODUCT_BUNDLE_IDENTIFIER = com.codersmobile.SwiftPracticeBootcamp;
				PRODUCT_NAME = "$(TARGET_NAME)";
				SWIFT_EMIT_LOC_STRINGS = YES;
				SWIFT_VERSION = 5.0;
				TARGETED_DEVICE_FAMILY = "1,2";
			};
			name = Debug;
		};
		38D6BE6C2DC34DC100BA4D4B /* Release */ = {
			isa = XCBuildConfiguration;
			buildSettings = {
				ASSETCATALOG_COMPILER_APPICON_NAME = AppIcon;
				ASSETCATALOG_COMPILER_GLOBAL_ACCENT_COLOR_NAME = AccentColor;
				CODE_SIGN_STYLE = Automatic;
				CURRENT_PROJECT_VERSION = 1;
				DEVELOPMENT_ASSET_PATHS = "\"SwiftPracticeBootcamp/Preview Content\"";
				ENABLE_PREVIEWS = YES;
				GENERATE_INFOPLIST_FILE = YES;
				INFOPLIST_KEY_CFBundleDisplayName = Bootcamp;
				INFOPLIST_KEY_UIApplicationSceneManifest_Generation = YES;
				INFOPLIST_KEY_UIApplicationSupportsIndirectInputEvents = YES;
				INFOPLIST_KEY_UILaunchScreen_Generation = YES;
				INFOPLIST_KEY_UISupportedInterfaceOrientations = "UIInterfaceOrientationLandscapeLeft UIInterfaceOrientationLandscapeRight UIInterfaceOrientationPortrait";
				INFOPLIST_KEY_UISupportedInterfaceOrientations_iPad = "UIInterfaceOrientationLandscapeLeft UIInterfaceOrientationLandscapeRight UIInterfaceOrientationPortrait UIInterfaceOrientationPortraitUpsideDown";
				IPHONEOS_DEPLOYMENT_TARGET = 17.5;
				LD_RUNPATH_SEARCH_PATHS = (
					"$(inherited)",
					"@executable_path/Frameworks",
				);
				MARKETING_VERSION = 1.0;
				PRODUCT_BUNDLE_IDENTIFIER = com.codersmobile.SwiftPracticeBootcamp;
				PRODUCT_NAME = "$(TARGET_NAME)";
				SWIFT_EMIT_LOC_STRINGS = YES;
				SWIFT_VERSION = 5.0;
				TARGETED_DEVICE_FAMILY = "1,2";
			};
			name = Release;
		};
		38D6BE6E2DC34DC100BA4D4B /* Debug */ = {
			isa = XCBuildConfiguration;
			buildSettings = {
				ALWAYS_EMBED_SWIFT_STANDARD_LIBRARIES = YES;
				BUNDLE_LOADER = "$(TEST_HOST)";
				CODE_SIGN_STYLE = Automatic;
				CURRENT_PROJECT_VERSION = 1;
				GENERATE_INFOPLIST_FILE = YES;
				IPHONEOS_DEPLOYMENT_TARGET = 17.5;
				MARKETING_VERSION = 1.0;
				PRODUCT_BUNDLE_IDENTIFIER = com.codersmobile.SwiftPracticeBootcampTests;
				PRODUCT_NAME = "$(TARGET_NAME)";
				SWIFT_EMIT_LOC_STRINGS = NO;
				SWIFT_VERSION = 5.0;
				TARGETED_DEVICE_FAMILY = "1,2";
				TEST_HOST = "$(BUILT_PRODUCTS_DIR)/SwiftPracticeBootcamp.app/$(BUNDLE_EXECUTABLE_FOLDER_PATH)/SwiftPracticeBootcamp";
			};
			name = Debug;
		};
		38D6BE6F2DC34DC100BA4D4B /* Release */ = {
			isa = XCBuildConfiguration;
			buildSettings = {
				ALWAYS_EMBED_SWIFT_STANDARD_LIBRARIES = YES;
				BUNDLE_LOADER = "$(TEST_HOST)";
				CODE_SIGN_STYLE = Automatic;
				CURRENT_PROJECT_VERSION = 1;
				GENERATE_INFOPLIST_FILE = YES;
				IPHONEOS_DEPLOYMENT_TARGET = 17.5;
				MARKETING_VERSION = 1.0;
				PRODUCT_BUNDLE_IDENTIFIER = com.codersmobile.SwiftPracticeBootcampTests;
				PRODUCT_NAME = "$(TARGET_NAME)";
				SWIFT_EMIT_LOC_STRINGS = NO;
				SWIFT_VERSION = 5.0;
				TARGETED_DEVICE_FAMILY = "1,2";
				TEST_HOST = "$(BUILT_PRODUCTS_DIR)/SwiftPracticeBootcamp.app/$(BUNDLE_EXECUTABLE_FOLDER_PATH)/SwiftPracticeBootcamp";
			};
			name = Release;
		};
		38D6BE712DC34DC100BA4D4B /* Debug */ = {
			isa = XCBuildConfiguration;
			buildSettings = {
				ALWAYS_EMBED_SWIFT_STANDARD_LIBRARIES = YES;
				CODE_SIGN_STYLE = Automatic;
				CURRENT_PROJECT_VERSION = 1;
				GENERATE_INFOPLIST_FILE = YES;
				MARKETING_VERSION = 1.0;
				PRODUCT_BUNDLE_IDENTIFIER = com.codersmobile.SwiftPracticeBootcampUITests;
				PRODUCT_NAME = "$(TARGET_NAME)";
				SWIFT_EMIT_LOC_STRINGS = NO;
				SWIFT_VERSION = 5.0;
				TARGETED_DEVICE_FAMILY = "1,2";
				TEST_TARGET_NAME = SwiftPracticeBootcamp;
			};
			name = Debug;
		};
		38D6BE722DC34DC100BA4D4B /* Release */ = {
			isa = XCBuildConfiguration;
			buildSettings = {
				ALWAYS_EMBED_SWIFT_STANDARD_LIBRARIES = YES;
				CODE_SIGN_STYLE = Automatic;
				CURRENT_PROJECT_VERSION = 1;
				GENERATE_INFOPLIST_FILE = YES;
				MARKETING_VERSION = 1.0;
				PRODUCT_BUNDLE_IDENTIFIER = com.codersmobile.SwiftPracticeBootcampUITests;
				PRODUCT_NAME = "$(TARGET_NAME)";
				SWIFT_EMIT_LOC_STRINGS = NO;
				SWIFT_VERSION = 5.0;
				TARGETED_DEVICE_FAMILY = "1,2";
				TEST_TARGET_NAME = SwiftPracticeBootcamp;
			};
			name = Release;
		};
/* End XCBuildConfiguration section */

/* Begin XCConfigurationList section */
		38D6BE412DC34DC000BA4D4B /* Build configuration list for PBXProject "SwiftPracticeBootcamp" */ = {
			isa = XCConfigurationList;
			buildConfigurations = (
				38D6BE682DC34DC100BA4D4B /* Debug */,
				38D6BE692DC34DC100BA4D4B /* Release */,
			);
			defaultConfigurationIsVisible = 0;
			defaultConfigurationName = Release;
		};
		38D6BE6A2DC34DC100BA4D4B /* Build configuration list for PBXNativeTarget "SwiftPracticeBootcamp" */ = {
			isa = XCConfigurationList;
			buildConfigurations = (
				38D6BE6B2DC34DC100BA4D4B /* Debug */,
				38D6BE6C2DC34DC100BA4D4B /* Release */,
			);
			defaultConfigurationIsVisible = 0;
			defaultConfigurationName = Release;
		};
		38D6BE6D2DC34DC100BA4D4B /* Build configuration list for PBXNativeTarget "SwiftPracticeBootcampTests" */ = {
			isa = XCConfigurationList;
			buildConfigurations = (
				38D6BE6E2DC34DC100BA4D4B /* Debug */,
				38D6BE6F2DC34DC100BA4D4B /* Release */,
			);
			defaultConfigurationIsVisible = 0;
			defaultConfigurationName = Release;
		};
		38D6BE702DC34DC100BA4D4B /* Build configuration list for PBXNativeTarget "SwiftPracticeBootcampUITests" */ = {
			isa = XCConfigurationList;
			buildConfigurations = (
				38D6BE712DC34DC100BA4D4B /* Debug */,
				38D6BE722DC34DC100BA4D4B /* Release */,
			);
			defaultConfigurationIsVisible = 0;
			defaultConfigurationName = Release;
		};
/* End XCConfigurationList section */
	};
	rootObject = 38D6BE3E2DC34DC000BA4D4B /* Project object */;
}
